{"format_version":"1.2","terraform_version":"1.12.2","variables":{"environment":{"value":"sbx-b9"},"location":{"value":"East US 2"},"resource_group_name":{"value":"learn-7c2a4ce4-d1a5-4fda-8d17-b995fc9a963c"},"subscription_id":{"value":"8b6001cd-a329-4999-8dbb-3b3261bb100a"}},"planned_values":{"root_module":{"resources":[{"address":"azurerm_app_service_virtual_network_swift_connection.cred_serv1","mode":"managed","type":"azurerm_app_service_virtual_network_swift_connection","name":"cred_serv1","provider_name":"registry.terraform.io/hashicorp/azurerm","schema_version":0,"values":{"timeouts":null},"sensitive_values":{}},{"address":"azurerm_app_service_virtual_network_swift_connection.webapp","mode":"managed","type":"azurerm_app_service_virtual_network_swift_connection","name":"webapp","provider_name":"registry.terraform.io/hashicorp/azurerm","schema_version":0,"values":{"timeouts":null},"sensitive_values":{}},{"address":"azurerm_application_insights.api","mode":"managed","type":"azurerm_application_insights","name":"api","provider_name":"registry.terraform.io/hashicorp/azurerm","schema_version":2,"values":{"application_type":"web","daily_data_cap_in_gb":100,"daily_data_cap_notifications_disabled":null,"disable_ip_masking":false,"force_customer_storage_for_profiler":false,"internet_ingestion_enabled":true,"internet_query_enabled":true,"local_authentication_disabled":false,"location":"eastus2","name":"api-sbx-b9-eastus2","resource_group_name":"learn-7c2a4ce4-d1a5-4fda-8d17-b995fc9a963c","retention_in_days":90,"sampling_percentage":100,"tags":null,"timeouts":null},"sensitive_values":{"connection_string":true,"instrumentation_key":true}},{"address":"azurerm_key_vault.kv","mode":"managed","type":"azurerm_key_vault","name":"kv","provider_name":"registry.terraform.io/hashicorp/azurerm","schema_version":2,"values":{"enable_rbac_authorization":null,"enabled_for_deployment":null,"enabled_for_disk_encryption":true,"enabled_for_template_deployment":null,"location":"eastus2","name":"kv-eastus2-sbx-b9","public_network_access_enabled":true,"purge_protection_enabled":false,"resource_group_name":"learn-7c2a4ce4-d1a5-4fda-8d17-b995fc9a963c","sku_name":"standard","soft_delete_retention_days":7,"tags":null,"tenant_id":"604c1504-c6a3-4080-81aa-b33091104187","timeouts":null},"sensitive_values":{"access_policy":[],"contact":[],"network_acls":[]}},{"address":"azurerm_key_vault_access_policy.cred_serv1","mode":"managed","type":"azurerm_key_vault_access_policy","name":"cred_serv1","provider_name":"registry.terraform.io/hashicorp/azurerm","schema_version":0,"values":{"application_id":null,"certificate_permissions":null,"key_permissions":null,"secret_permissions":["Get","List"],"storage_permissions":null,"tenant_id":"604c1504-c6a3-4080-81aa-b33091104187","timeouts":null},"sensitive_values":{"secret_permissions":[false,false]}},{"address":"azurerm_key_vault_access_policy.current_user","mode":"managed","type":"azurerm_key_vault_access_policy","name":"current_user","provider_name":"registry.terraform.io/hashicorp/azurerm","schema_version":0,"values":{"application_id":null,"certificate_permissions":null,"key_permissions":null,"object_id":"604515ba-30f6-476a-a6c3-edafc78c9e00","secret_permissions":["Get","List","Set","Delete","Recover","Backup","Restore","Purge"],"storage_permissions":null,"tenant_id":"604c1504-c6a3-4080-81aa-b33091104187","timeouts":null},"sensitive_values":{"secret_permissions":[false,false,false,false,false,false,false,false]}},{"address":"azurerm_key_vault_access_policy.webapp","mode":"managed","type":"azurerm_key_vault_access_policy","name":"webapp","provider_name":"registry.terraform.io/hashicorp/azurerm","schema_version":0,"values":{"application_id":null,"certificate_permissions":null,"key_permissions":null,"secret_permissions":["Get","List"],"storage_permissions":null,"tenant_id":"604c1504-c6a3-4080-81aa-b33091104187","timeouts":null},"sensitive_values":{"secret_permissions":[false,false]}},{"address":"azurerm_key_vault_secret.sql_connection_string","mode":"managed","type":"azurerm_key_vault_secret","name":"sql_connection_string","provider_name":"registry.terraform.io/hashicorp/azurerm","schema_version":0,"values":{"content_type":null,"expiration_date":null,"name":"sql-connection-string","not_before_date":null,"tags":null,"timeouts":null,"value_wo":null,"value_wo_version":null},"sensitive_values":{"value":true}},{"address":"azurerm_log_analytics_workspace.logspace","mode":"managed","type":"azurerm_log_analytics_workspace","name":"logspace","provider_name":"registry.terraform.io/hashicorp/azurerm","schema_version":3,"values":{"allow_resource_only_permissions":true,"cmk_for_query_forced":null,"daily_quota_gb":-1,"data_collection_rule_id":null,"identity":[],"immediate_data_purge_on_30_days_enabled":null,"internet_ingestion_enabled":true,"internet_query_enabled":true,"location":"eastus2","name":"log-sbx-b9-eastus2","reservation_capacity_in_gb_per_day":null,"resource_group_name":"learn-7c2a4ce4-d1a5-4fda-8d17-b995fc9a963c","retention_in_days":30,"sku":"PerGB2018","tags":null,"timeouts":null},"sensitive_values":{"identity":[],"primary_shared_key":true,"secondary_shared_key":true}},{"address":"azurerm_mssql_database.creditcard","mode":"managed","type":"azurerm_mssql_database","name":"creditcard","provider_name":"registry.terraform.io/hashicorp/azurerm","schema_version":1,"values":{"auto_pause_delay_in_minutes":60,"collation":"SQL_Latin1_General_CP1_CI_AS","create_mode":"Default","elastic_pool_id":null,"geo_backup_enabled":true,"identity":[],"import":[],"max_size_gb":2,"min_capacity":0.5,"name":"CreditCard","recover_database_id":null,"recovery_point_id":null,"restore_dropped_database_id":null,"restore_long_term_retention_backup_id":null,"sku_name":"GP_S_Gen5_1","storage_account_type":"Geo","tags":null,"timeouts":null,"transparent_data_encryption_enabled":true,"transparent_data_encryption_key_automatic_rotation_enabled":false,"transparent_data_encryption_key_vault_key_id":null,"zone_redundant":false},"sensitive_values":{"identity":[],"import":[],"long_term_retention_policy":[],"short_term_retention_policy":[],"threat_detection_policy":[]}},{"address":"azurerm_mssql_firewall_rule.allow_azure","mode":"managed","type":"azurerm_mssql_firewall_rule","name":"allow_azure","provider_name":"registry.terraform.io/hashicorp/azurerm","schema_version":0,"values":{"end_ip_address":"0.0.0.0","name":"AllowAzureServices","start_ip_address":"0.0.0.0","timeouts":null},"sensitive_values":{}},{"address":"azurerm_mssql_server.dbserv","mode":"managed","type":"azurerm_mssql_server","name":"dbserv","provider_name":"registry.terraform.io/hashicorp/azurerm","schema_version":0,"values":{"administrator_login":"sqladmin","administrator_login_password":"P@ssw0rd!1234","administrator_login_password_wo":null,"administrator_login_password_wo_version":null,"azuread_administrator":[],"connection_policy":"Default","express_vulnerability_assessment_enabled":false,"identity":[],"location":"eastus2","minimum_tls_version":"1.2","name":"db-eastus22-sbx-b9","outbound_network_restriction_enabled":false,"public_network_access_enabled":true,"resource_group_name":"learn-7c2a4ce4-d1a5-4fda-8d17-b995fc9a963c","tags":null,"timeouts":null,"transparent_data_encryption_key_vault_key_id":null,"version":"12.0"},"sensitive_values":{"administrator_login_password":true,"administrator_login_password_wo":true,"azuread_administrator":[],"identity":[],"restorable_dropped_database_ids":[]}},{"address":"azurerm_service_plan.plan","mode":"managed","type":"azurerm_service_plan","name":"plan","provider_name":"registry.terraform.io/hashicorp/azurerm","schema_version":1,"values":{"app_service_environment_id":null,"location":"eastus2","name":"plan-eastus2-win-sbx-b9","os_type":"Windows","per_site_scaling_enabled":false,"premium_plan_auto_scale_enabled":false,"resource_group_name":"learn-7c2a4ce4-d1a5-4fda-8d17-b995fc9a963c","sku_name":"S1","tags":null,"timeouts":null,"zone_balancing_enabled":null},"sensitive_values":{}},{"address":"azurerm_subnet.appservice","mode":"managed","type":"azurerm_subnet","name":"appservice","provider_name":"registry.terraform.io/hashicorp/azurerm","schema_version":0,"values":{"address_prefixes":["10.0.1.0/24"],"default_outbound_access_enabled":true,"delegation":[{"name":"appservice-delegation","service_delegation":[{"actions":["Microsoft.Network/virtualNetworks/subnets/action"],"name":"Microsoft.Web/serverFarms"}]}],"ip_address_pool":[],"name":"snet-appservice-sbx-b9","private_endpoint_network_policies":"Disabled","private_link_service_network_policies_enabled":true,"resource_group_name":"learn-7c2a4ce4-d1a5-4fda-8d17-b995fc9a963c","service_endpoint_policy_ids":null,"service_endpoints":null,"timeouts":null,"virtual_network_name":"vnet-sbx-b9-eastus2"},"sensitive_values":{"address_prefixes":[false],"delegation":[{"service_delegation":[{"actions":[false]}]}],"ip_address_pool":[]}},{"address":"azurerm_virtual_network.vnet","mode":"managed","type":"azurerm_virtual_network","name":"vnet","provider_name":"registry.terraform.io/hashicorp/azurerm","schema_version":0,"values":{"address_space":["10.0.0.0/16"],"bgp_community":null,"ddos_protection_plan":[],"edge_zone":null,"encryption":[],"flow_timeout_in_minutes":null,"ip_address_pool":[],"location":"eastus2","name":"vnet-sbx-b9-eastus2","private_endpoint_vnet_policies":"Disabled","resource_group_name":"learn-7c2a4ce4-d1a5-4fda-8d17-b995fc9a963c","tags":null,"timeouts":null},"sensitive_values":{"address_space":[false],"ddos_protection_plan":[],"dns_servers":[],"encryption":[],"ip_address_pool":[],"subnet":[]}},{"address":"azurerm_windows_web_app.cred_serv1","mode":"managed","type":"azurerm_windows_web_app","name":"cred_serv1","provider_name":"registry.terraform.io/hashicorp/azurerm","schema_version":1,"values":{"auth_settings":[],"auth_settings_v2":[],"backup":[],"client_affinity_enabled":false,"client_certificate_enabled":false,"client_certificate_exclusion_paths":null,"client_certificate_mode":"Required","connection_string":[],"enabled":true,"ftp_publish_basic_authentication_enabled":true,"https_only":false,"identity":[{"identity_ids":null,"type":"SystemAssigned"}],"location":"eastus2","logs":[],"name":"cred-serv1-eastus2-win-sbx-b9","public_network_access_enabled":true,"resource_group_name":"learn-7c2a4ce4-d1a5-4fda-8d17-b995fc9a963c","site_config":[{"always_on":true,"api_definition_url":null,"api_management_api_id":null,"app_command_line":null,"application_stack":[{"current_stack":"dotnet","docker_image_name":null,"docker_registry_password":null,"docker_registry_url":null,"docker_registry_username":null,"dotnet_core_version":null,"dotnet_version":"v8.0","java_container":null,"java_container_version":null,"java_version":null,"node_version":null,"python":false,"tomcat_version":null}],"auto_heal_setting":[],"container_registry_managed_identity_client_id":null,"container_registry_use_managed_identity":false,"cors":[],"ftps_state":"Disabled","handler_mapping":[],"health_check_eviction_time_in_min":null,"health_check_path":null,"http2_enabled":false,"ip_restriction":[],"ip_restriction_default_action":"Allow","load_balancing_mode":"LeastRequests","local_mysql_enabled":false,"managed_pipeline_mode":"Integrated","minimum_tls_version":"1.2","remote_debugging_enabled":false,"scm_ip_restriction":[],"scm_ip_restriction_default_action":"Allow","scm_minimum_tls_version":"1.2","scm_use_main_ip_restriction":false,"use_32_bit_worker":true,"virtual_application":[],"vnet_route_all_enabled":false,"websockets_enabled":false}],"sticky_settings":[],"storage_account":[],"tags":null,"timeouts":null,"virtual_network_backup_restore_enabled":false,"virtual_network_subnet_id":null,"webdeploy_publish_basic_authentication_enabled":true},"sensitive_values":{"app_settings":{},"auth_settings":[],"auth_settings_v2":[],"backup":[],"connection_string":[],"custom_domain_verification_id":true,"identity":[{}],"logs":[],"outbound_ip_address_list":[],"possible_outbound_ip_address_list":[],"site_config":[{"application_stack":[{"docker_registry_password":true}],"auto_heal_setting":[],"cors":[],"default_documents":[],"handler_mapping":[],"ip_restriction":[],"scm_ip_restriction":[],"virtual_application":[]}],"site_credential":true,"sticky_settings":[],"storage_account":[]}},{"address":"azurerm_windows_web_app.webapp","mode":"managed","type":"azurerm_windows_web_app","name":"webapp","provider_name":"registry.terraform.io/hashicorp/azurerm","schema_version":1,"values":{"auth_settings":[],"auth_settings_v2":[],"backup":[],"client_affinity_enabled":false,"client_certificate_enabled":false,"client_certificate_exclusion_paths":null,"client_certificate_mode":"Required","connection_string":[],"enabled":true,"ftp_publish_basic_authentication_enabled":true,"https_only":false,"identity":[{"identity_ids":null,"type":"SystemAssigned"}],"location":"eastus2","logs":[],"name":"app-eastus2-win-sbx-b9","public_network_access_enabled":true,"resource_group_name":"learn-7c2a4ce4-d1a5-4fda-8d17-b995fc9a963c","site_config":[{"always_on":true,"api_definition_url":null,"api_management_api_id":null,"app_command_line":null,"application_stack":[{"current_stack":"dotnet","docker_image_name":null,"docker_registry_password":null,"docker_registry_url":null,"docker_registry_username":null,"dotnet_core_version":null,"dotnet_version":"v8.0","java_container":null,"java_container_version":null,"java_version":null,"node_version":null,"python":false,"tomcat_version":null}],"auto_heal_setting":[],"container_registry_managed_identity_client_id":null,"container_registry_use_managed_identity":false,"cors":[],"ftps_state":"Disabled","handler_mapping":[],"health_check_eviction_time_in_min":null,"health_check_path":null,"http2_enabled":false,"ip_restriction":[],"ip_restriction_default_action":"Allow","load_balancing_mode":"LeastRequests","local_mysql_enabled":false,"managed_pipeline_mode":"Integrated","minimum_tls_version":"1.2","remote_debugging_enabled":false,"scm_ip_restriction":[],"scm_ip_restriction_default_action":"Allow","scm_minimum_tls_version":"1.2","scm_use_main_ip_restriction":false,"use_32_bit_worker":true,"virtual_application":[],"vnet_route_all_enabled":false,"websockets_enabled":false}],"sticky_settings":[],"storage_account":[],"tags":null,"timeouts":null,"virtual_network_backup_restore_enabled":false,"virtual_network_subnet_id":null,"webdeploy_publish_basic_authentication_enabled":true},"sensitive_values":{"app_settings":{},"auth_settings":[],"auth_settings_v2":[],"backup":[],"connection_string":[],"custom_domain_verification_id":true,"identity":[{}],"logs":[],"outbound_ip_address_list":[],"possible_outbound_ip_address_list":[],"site_config":[{"application_stack":[{"docker_registry_password":true}],"auto_heal_setting":[],"cors":[],"default_documents":[],"handler_mapping":[],"ip_restriction":[],"scm_ip_restriction":[],"virtual_application":[]}],"site_credential":true,"sticky_settings":[],"storage_account":[]}}]}},"resource_changes":[{"address":"azurerm_app_service_virtual_network_swift_connection.cred_serv1","mode":"managed","type":"azurerm_app_service_virtual_network_swift_connection","name":"cred_serv1","provider_name":"registry.terraform.io/hashicorp/azurerm","change":{"actions":["create"],"before":null,"after":{"timeouts":null},"after_unknown":{"app_service_id":true,"id":true,"subnet_id":true},"before_sensitive":false,"after_sensitive":{}}},{"address":"azurerm_app_service_virtual_network_swift_connection.webapp","mode":"managed","type":"azurerm_app_service_virtual_network_swift_connection","name":"webapp","provider_name":"registry.terraform.io/hashicorp/azurerm","change":{"actions":["create"],"before":null,"after":{"timeouts":null},"after_unknown":{"app_service_id":true,"id":true,"subnet_id":true},"before_sensitive":false,"after_sensitive":{}}},{"address":"azurerm_application_insights.api","mode":"managed","type":"azurerm_application_insights","name":"api","provider_name":"registry.terraform.io/hashicorp/azurerm","change":{"actions":["create"],"before":null,"after":{"application_type":"web","daily_data_cap_in_gb":100,"daily_data_cap_notifications_disabled":null,"disable_ip_masking":false,"force_customer_storage_for_profiler":false,"internet_ingestion_enabled":true,"internet_query_enabled":true,"local_authentication_disabled":false,"location":"eastus2","name":"api-sbx-b9-eastus2","resource_group_name":"learn-7c2a4ce4-d1a5-4fda-8d17-b995fc9a963c","retention_in_days":90,"sampling_percentage":100,"tags":null,"timeouts":null},"after_unknown":{"app_id":true,"connection_string":true,"id":true,"instrumentation_key":true,"workspace_id":true},"before_sensitive":false,"after_sensitive":{"connection_string":true,"instrumentation_key":true}}},{"address":"azurerm_key_vault.kv","mode":"managed","type":"azurerm_key_vault","name":"kv","provider_name":"registry.terraform.io/hashicorp/azurerm","change":{"actions":["create"],"before":null,"after":{"enable_rbac_authorization":null,"enabled_for_deployment":null,"enabled_for_disk_encryption":true,"enabled_for_template_deployment":null,"location":"eastus2","name":"kv-eastus2-sbx-b9","public_network_access_enabled":true,"purge_protection_enabled":false,"resource_group_name":"learn-7c2a4ce4-d1a5-4fda-8d17-b995fc9a963c","sku_name":"standard","soft_delete_retention_days":7,"tags":null,"tenant_id":"604c1504-c6a3-4080-81aa-b33091104187","timeouts":null},"after_unknown":{"access_policy":true,"contact":true,"id":true,"network_acls":true,"vault_uri":true},"before_sensitive":false,"after_sensitive":{"access_policy":[],"contact":[],"network_acls":[]}}},{"address":"azurerm_key_vault_access_policy.cred_serv1","mode":"managed","type":"azurerm_key_vault_access_policy","name":"cred_serv1","provider_name":"registry.terraform.io/hashicorp/azurerm","change":{"actions":["create"],"before":null,"after":{"application_id":null,"certificate_permissions":null,"key_permissions":null,"secret_permissions":["Get","List"],"storage_permissions":null,"tenant_id":"604c1504-c6a3-4080-81aa-b33091104187","timeouts":null},"after_unknown":{"id":true,"key_vault_id":true,"object_id":true,"secret_permissions":[false,false]},"before_sensitive":false,"after_sensitive":{"secret_permissions":[false,false]}}},{"address":"azurerm_key_vault_access_policy.current_user","mode":"managed","type":"azurerm_key_vault_access_policy","name":"current_user","provider_name":"registry.terraform.io/hashicorp/azurerm","change":{"actions":["create"],"before":null,"after":{"application_id":null,"certificate_permissions":null,"key_permissions":null,"object_id":"604515ba-30f6-476a-a6c3-edafc78c9e00","secret_permissions":["Get","List","Set","Delete","Recover","Backup","Restore","Purge"],"storage_permissions":null,"tenant_id":"604c1504-c6a3-4080-81aa-b33091104187","timeouts":null},"after_unknown":{"id":true,"key_vault_id":true,"secret_permissions":[false,false,false,false,false,false,false,false]},"before_sensitive":false,"after_sensitive":{"secret_permissions":[false,false,false,false,false,false,false,false]}}},{"address":"azurerm_key_vault_access_policy.webapp","mode":"managed","type":"azurerm_key_vault_access_policy","name":"webapp","provider_name":"registry.terraform.io/hashicorp/azurerm","change":{"actions":["create"],"before":null,"after":{"application_id":null,"certificate_permissions":null,"key_permissions":null,"secret_permissions":["Get","List"],"storage_permissions":null,"tenant_id":"604c1504-c6a3-4080-81aa-b33091104187","timeouts":null},"after_unknown":{"id":true,"key_vault_id":true,"object_id":true,"secret_permissions":[false,false]},"before_sensitive":false,"after_sensitive":{"secret_permissions":[false,false]}}},{"address":"azurerm_key_vault_secret.sql_connection_string","mode":"managed","type":"azurerm_key_vault_secret","name":"sql_connection_string","provider_name":"registry.terraform.io/hashicorp/azurerm","change":{"actions":["create"],"before":null,"after":{"content_type":null,"expiration_date":null,"name":"sql-connection-string","not_before_date":null,"tags":null,"timeouts":null,"value_wo":null,"value_wo_version":null},"after_unknown":{"id":true,"key_vault_id":true,"resource_id":true,"resource_versionless_id":true,"value":true,"version":true,"versionless_id":true},"before_sensitive":false,"after_sensitive":{"value":true}}},{"address":"azurerm_log_analytics_workspace.logspace","mode":"managed","type":"azurerm_log_analytics_workspace","name":"logspace","provider_name":"registry.terraform.io/hashicorp/azurerm","change":{"actions":["create"],"before":null,"after":{"allow_resource_only_permissions":true,"cmk_for_query_forced":null,"daily_quota_gb":-1,"data_collection_rule_id":null,"identity":[],"immediate_data_purge_on_30_days_enabled":null,"internet_ingestion_enabled":true,"internet_query_enabled":true,"location":"eastus2","name":"log-sbx-b9-eastus2","reservation_capacity_in_gb_per_day":null,"resource_group_name":"learn-7c2a4ce4-d1a5-4fda-8d17-b995fc9a963c","retention_in_days":30,"sku":"PerGB2018","tags":null,"timeouts":null},"after_unknown":{"id":true,"identity":[],"local_authentication_disabled":true,"local_authentication_enabled":true,"primary_shared_key":true,"secondary_shared_key":true,"workspace_id":true},"before_sensitive":false,"after_sensitive":{"identity":[],"primary_shared_key":true,"secondary_shared_key":true}}},{"address":"azurerm_mssql_database.creditcard","mode":"managed","type":"azurerm_mssql_database","name":"creditcard","provider_name":"registry.terraform.io/hashicorp/azurerm","change":{"actions":["create"],"before":null,"after":{"auto_pause_delay_in_minutes":60,"collation":"SQL_Latin1_General_CP1_CI_AS","create_mode":"Default","elastic_pool_id":null,"geo_backup_enabled":true,"identity":[],"import":[],"max_size_gb":2,"min_capacity":0.5,"name":"CreditCard","recover_database_id":null,"recovery_point_id":null,"restore_dropped_database_id":null,"restore_long_term_retention_backup_id":null,"sku_name":"GP_S_Gen5_1","storage_account_type":"Geo","tags":null,"timeouts":null,"transparent_data_encryption_enabled":true,"transparent_data_encryption_key_automatic_rotation_enabled":false,"transparent_data_encryption_key_vault_key_id":null,"zone_redundant":false},"after_unknown":{"creation_source_database_id":true,"enclave_type":true,"id":true,"identity":[],"import":[],"ledger_enabled":true,"license_type":true,"long_term_retention_policy":true,"maintenance_configuration_name":true,"read_replica_count":true,"read_scale":true,"restore_point_in_time":true,"sample_name":true,"secondary_type":true,"server_id":true,"short_term_retention_policy":true,"threat_detection_policy":true},"before_sensitive":false,"after_sensitive":{"identity":[],"import":[],"long_term_retention_policy":[],"short_term_retention_policy":[],"threat_detection_policy":[]}}},{"address":"azurerm_mssql_firewall_rule.allow_azure","mode":"managed","type":"azurerm_mssql_firewall_rule","name":"allow_azure","provider_name":"registry.terraform.io/hashicorp/azurerm","change":{"actions":["create"],"before":null,"after":{"end_ip_address":"0.0.0.0","name":"AllowAzureServices","start_ip_address":"0.0.0.0","timeouts":null},"after_unknown":{"id":true,"server_id":true},"before_sensitive":false,"after_sensitive":{}}},{"address":"azurerm_mssql_server.dbserv","mode":"managed","type":"azurerm_mssql_server","name":"dbserv","provider_name":"registry.terraform.io/hashicorp/azurerm","change":{"actions":["create"],"before":null,"after":{"administrator_login":"sqladmin","administrator_login_password":"P@ssw0rd!1234","administrator_login_password_wo":null,"administrator_login_password_wo_version":null,"azuread_administrator":[],"connection_policy":"Default","express_vulnerability_assessment_enabled":false,"identity":[],"location":"eastus2","minimum_tls_version":"1.2","name":"db-eastus22-sbx-b9","outbound_network_restriction_enabled":false,"public_network_access_enabled":true,"resource_group_name":"learn-7c2a4ce4-d1a5-4fda-8d17-b995fc9a963c","tags":null,"timeouts":null,"transparent_data_encryption_key_vault_key_id":null,"version":"12.0"},"after_unknown":{"azuread_administrator":[],"fully_qualified_domain_name":true,"id":true,"identity":[],"primary_user_assigned_identity_id":true,"restorable_dropped_database_ids":true},"before_sensitive":false,"after_sensitive":{"administrator_login_password":true,"administrator_login_password_wo":true,"azuread_administrator":[],"identity":[],"restorable_dropped_database_ids":[]}}},{"address":"azurerm_service_plan.plan","mode":"managed","type":"azurerm_service_plan","name":"plan","provider_name":"registry.terraform.io/hashicorp/azurerm","change":{"actions":["create"],"before":null,"after":{"app_service_environment_id":null,"location":"eastus2","name":"plan-eastus2-win-sbx-b9","os_type":"Windows","per_site_scaling_enabled":false,"premium_plan_auto_scale_enabled":false,"resource_group_name":"learn-7c2a4ce4-d1a5-4fda-8d17-b995fc9a963c","sku_name":"S1","tags":null,"timeouts":null,"zone_balancing_enabled":null},"after_unknown":{"id":true,"kind":true,"maximum_elastic_worker_count":true,"reserved":true,"worker_count":true},"before_sensitive":false,"after_sensitive":{}}},{"address":"azurerm_subnet.appservice","mode":"managed","type":"azurerm_subnet","name":"appservice","provider_name":"registry.terraform.io/hashicorp/azurerm","change":{"actions":["create"],"before":null,"after":{"address_prefixes":["10.0.1.0/24"],"default_outbound_access_enabled":true,"delegation":[{"name":"appservice-delegation","service_delegation":[{"actions":["Microsoft.Network/virtualNetworks/subnets/action"],"name":"Microsoft.Web/serverFarms"}]}],"ip_address_pool":[],"name":"snet-appservice-sbx-b9","private_endpoint_network_policies":"Disabled","private_link_service_network_policies_enabled":true,"resource_group_name":"learn-7c2a4ce4-d1a5-4fda-8d17-b995fc9a963c","service_endpoint_policy_ids":null,"service_endpoints":null,"timeouts":null,"virtual_network_name":"vnet-sbx-b9-eastus2"},"after_unknown":{"address_prefixes":[false],"delegation":[{"service_delegation":[{"actions":[false]}]}],"id":true,"ip_address_pool":[]},"before_sensitive":false,"after_sensitive":{"address_prefixes":[false],"delegation":[{"service_delegation":[{"actions":[false]}]}],"ip_address_pool":[]}}},{"address":"azurerm_virtual_network.vnet","mode":"managed","type":"azurerm_virtual_network","name":"vnet","provider_name":"registry.terraform.io/hashicorp/azurerm","change":{"actions":["create"],"before":null,"after":{"address_space":["10.0.0.0/16"],"bgp_community":null,"ddos_protection_plan":[],"edge_zone":null,"encryption":[],"flow_timeout_in_minutes":null,"ip_address_pool":[],"location":"eastus2","name":"vnet-sbx-b9-eastus2","private_endpoint_vnet_policies":"Disabled","resource_group_name":"learn-7c2a4ce4-d1a5-4fda-8d17-b995fc9a963c","tags":null,"timeouts":null},"after_unknown":{"address_space":[false],"ddos_protection_plan":[],"dns_servers":true,"encryption":[],"guid":true,"id":true,"ip_address_pool":[],"subnet":true},"before_sensitive":false,"after_sensitive":{"address_space":[false],"ddos_protection_plan":[],"dns_servers":[],"encryption":[],"ip_address_pool":[],"subnet":[]}}},{"address":"azurerm_windows_web_app.cred_serv1","mode":"managed","type":"azurerm_windows_web_app","name":"cred_serv1","provider_name":"registry.terraform.io/hashicorp/azurerm","change":{"actions":["create"],"before":null,"after":{"auth_settings":[],"auth_settings_v2":[],"backup":[],"client_affinity_enabled":false,"client_certificate_enabled":false,"client_certificate_exclusion_paths":null,"client_certificate_mode":"Required","connection_string":[],"enabled":true,"ftp_publish_basic_authentication_enabled":true,"https_only":false,"identity":[{"identity_ids":null,"type":"SystemAssigned"}],"location":"eastus2","logs":[],"name":"cred-serv1-eastus2-win-sbx-b9","public_network_access_enabled":true,"resource_group_name":"learn-7c2a4ce4-d1a5-4fda-8d17-b995fc9a963c","site_config":[{"always_on":true,"api_definition_url":null,"api_management_api_id":null,"app_command_line":null,"application_stack":[{"current_stack":"dotnet","docker_image_name":null,"docker_registry_password":null,"docker_registry_url":null,"docker_registry_username":null,"dotnet_core_version":null,"dotnet_version":"v8.0","java_container":null,"java_container_version":null,"java_version":null,"node_version":null,"python":false,"tomcat_version":null}],"auto_heal_setting":[],"container_registry_managed_identity_client_id":null,"container_registry_use_managed_identity":false,"cors":[],"ftps_state":"Disabled","handler_mapping":[],"health_check_eviction_time_in_min":null,"health_check_path":null,"http2_enabled":false,"ip_restriction":[],"ip_restriction_default_action":"Allow","load_balancing_mode":"LeastRequests","local_mysql_enabled":false,"managed_pipeline_mode":"Integrated","minimum_tls_version":"1.2","remote_debugging_enabled":false,"scm_ip_restriction":[],"scm_ip_restriction_default_action":"Allow","scm_minimum_tls_version":"1.2","scm_use_main_ip_restriction":false,"use_32_bit_worker":true,"virtual_application":[],"vnet_route_all_enabled":false,"websockets_enabled":false}],"sticky_settings":[],"storage_account":[],"tags":null,"timeouts":null,"virtual_network_backup_restore_enabled":false,"virtual_network_subnet_id":null,"webdeploy_publish_basic_authentication_enabled":true},"after_unknown":{"app_settings":true,"auth_settings":[],"auth_settings_v2":[],"backup":[],"connection_string":[],"custom_domain_verification_id":true,"default_hostname":true,"hosting_environment_id":true,"id":true,"identity":[{"principal_id":true,"tenant_id":true}],"key_vault_reference_identity_id":true,"kind":true,"logs":[],"outbound_ip_address_list":true,"outbound_ip_addresses":true,"possible_outbound_ip_address_list":true,"possible_outbound_ip_addresses":true,"service_plan_id":true,"site_config":[{"application_stack":[{"java_embedded_server_enabled":true,"php_version":true}],"auto_heal_setting":[],"cors":[],"default_documents":true,"detailed_error_logging_enabled":true,"handler_mapping":[],"ip_restriction":[],"linux_fx_version":true,"remote_debugging_version":true,"scm_ip_restriction":[],"scm_type":true,"virtual_application":[],"windows_fx_version":true,"worker_count":true}],"site_credential":true,"sticky_settings":[],"storage_account":[],"zip_deploy_file":true},"before_sensitive":false,"after_sensitive":{"app_settings":{},"auth_settings":[],"auth_settings_v2":[],"backup":[],"connection_string":[],"custom_domain_verification_id":true,"identity":[{}],"logs":[],"outbound_ip_address_list":[],"possible_outbound_ip_address_list":[],"site_config":[{"application_stack":[{"docker_registry_password":true}],"auto_heal_setting":[],"cors":[],"default_documents":[],"handler_mapping":[],"ip_restriction":[],"scm_ip_restriction":[],"virtual_application":[]}],"site_credential":true,"sticky_settings":[],"storage_account":[]}}},{"address":"azurerm_windows_web_app.webapp","mode":"managed","type":"azurerm_windows_web_app","name":"webapp","provider_name":"registry.terraform.io/hashicorp/azurerm","change":{"actions":["create"],"before":null,"after":{"auth_settings":[],"auth_settings_v2":[],"backup":[],"client_affinity_enabled":false,"client_certificate_enabled":false,"client_certificate_exclusion_paths":null,"client_certificate_mode":"Required","connection_string":[],"enabled":true,"ftp_publish_basic_authentication_enabled":true,"https_only":false,"identity":[{"identity_ids":null,"type":"SystemAssigned"}],"location":"eastus2","logs":[],"name":"app-eastus2-win-sbx-b9","public_network_access_enabled":true,"resource_group_name":"learn-7c2a4ce4-d1a5-4fda-8d17-b995fc9a963c","site_config":[{"always_on":true,"api_definition_url":null,"api_management_api_id":null,"app_command_line":null,"application_stack":[{"current_stack":"dotnet","docker_image_name":null,"docker_registry_password":null,"docker_registry_url":null,"docker_registry_username":null,"dotnet_core_version":null,"dotnet_version":"v8.0","java_container":null,"java_container_version":null,"java_version":null,"node_version":null,"python":false,"tomcat_version":null}],"auto_heal_setting":[],"container_registry_managed_identity_client_id":null,"container_registry_use_managed_identity":false,"cors":[],"ftps_state":"Disabled","handler_mapping":[],"health_check_eviction_time_in_min":null,"health_check_path":null,"http2_enabled":false,"ip_restriction":[],"ip_restriction_default_action":"Allow","load_balancing_mode":"LeastRequests","local_mysql_enabled":false,"managed_pipeline_mode":"Integrated","minimum_tls_version":"1.2","remote_debugging_enabled":false,"scm_ip_restriction":[],"scm_ip_restriction_default_action":"Allow","scm_minimum_tls_version":"1.2","scm_use_main_ip_restriction":false,"use_32_bit_worker":true,"virtual_application":[],"vnet_route_all_enabled":false,"websockets_enabled":false}],"sticky_settings":[],"storage_account":[],"tags":null,"timeouts":null,"virtual_network_backup_restore_enabled":false,"virtual_network_subnet_id":null,"webdeploy_publish_basic_authentication_enabled":true},"after_unknown":{"app_settings":true,"auth_settings":[],"auth_settings_v2":[],"backup":[],"connection_string":[],"custom_domain_verification_id":true,"default_hostname":true,"hosting_environment_id":true,"id":true,"identity":[{"principal_id":true,"tenant_id":true}],"key_vault_reference_identity_id":true,"kind":true,"logs":[],"outbound_ip_address_list":true,"outbound_ip_addresses":true,"possible_outbound_ip_address_list":true,"possible_outbound_ip_addresses":true,"service_plan_id":true,"site_config":[{"application_stack":[{"java_embedded_server_enabled":true,"php_version":true}],"auto_heal_setting":[],"cors":[],"default_documents":true,"detailed_error_logging_enabled":true,"handler_mapping":[],"ip_restriction":[],"linux_fx_version":true,"remote_debugging_version":true,"scm_ip_restriction":[],"scm_type":true,"virtual_application":[],"windows_fx_version":true,"worker_count":true}],"site_credential":true,"sticky_settings":[],"storage_account":[],"zip_deploy_file":true},"before_sensitive":false,"after_sensitive":{"app_settings":{},"auth_settings":[],"auth_settings_v2":[],"backup":[],"connection_string":[],"custom_domain_verification_id":true,"identity":[{}],"logs":[],"outbound_ip_address_list":[],"possible_outbound_ip_address_list":[],"site_config":[{"application_stack":[{"docker_registry_password":true}],"auto_heal_setting":[],"cors":[],"default_documents":[],"handler_mapping":[],"ip_restriction":[],"scm_ip_restriction":[],"virtual_application":[]}],"site_credential":true,"sticky_settings":[],"storage_account":[]}}}],"prior_state":{"format_version":"1.0","terraform_version":"1.12.2","values":{"root_module":{"resources":[{"address":"data.azurerm_client_config.current","mode":"data","type":"azurerm_client_config","name":"current","provider_name":"registry.terraform.io/hashicorp/azurerm","schema_version":0,"values":{"client_id":"04b07795-8ddb-461a-bbee-02f9e1bf7b46","id":"Y2xpZW50Q29uZmlncy9jbGllbnRJZD0wNGIwNzc5NS04ZGRiLTQ2MWEtYmJlZS0wMmY5ZTFiZjdiNDY7b2JqZWN0SWQ9NjA0NTE1YmEtMzBmNi00NzZhLWE2YzMtZWRhZmM3OGM5ZTAwO3N1YnNjcmlwdGlvbklkPThiNjAwMWNkLWEzMjktNDk5OS04ZGJiLTNiMzI2MWJiMTAwYTt0ZW5hbnRJZD02MDRjMTUwNC1jNmEzLTQwODAtODFhYS1iMzMwOTExMDQxODc=","object_id":"604515ba-30f6-476a-a6c3-edafc78c9e00","subscription_id":"8b6001cd-a329-4999-8dbb-3b3261bb100a","tenant_id":"604c1504-c6a3-4080-81aa-b33091104187","timeouts":null},"sensitive_values":{}}]}}},"configuration":{"provider_config":{"azurerm":{"name":"azurerm","full_name":"registry.terraform.io/hashicorp/azurerm","expressions":{"features":[{}],"subscription_id":{"constant_value":"8b6001cd-a329-4999-8dbb-3b3261bb100a"}}}},"root_module":{"resources":[{"address":"azurerm_app_service_virtual_network_swift_connection.cred_serv1","mode":"managed","type":"azurerm_app_service_virtual_network_swift_connection","name":"cred_serv1","provider_config_key":"azurerm","expressions":{"app_service_id":{"references":["azurerm_windows_web_app.cred_serv1.id","azurerm_windows_web_app.cred_serv1"]},"subnet_id":{"references":["azurerm_subnet.appservice.id","azurerm_subnet.appservice"]}},"schema_version":0},{"address":"azurerm_app_service_virtual_network_swift_connection.webapp","mode":"managed","type":"azurerm_app_service_virtual_network_swift_connection","name":"webapp","provider_config_key":"azurerm","expressions":{"app_service_id":{"references":["azurerm_windows_web_app.webapp.id","azurerm_windows_web_app.webapp"]},"subnet_id":{"references":["azurerm_subnet.appservice.id","azurerm_subnet.appservice"]}},"schema_version":0},{"address":"azurerm_application_insights.api","mode":"managed","type":"azurerm_application_insights","name":"api","provider_config_key":"azurerm","expressions":{"application_type":{"constant_value":"web"},"location":{"references":["var.location"]},"name":{"references":["var.environment","var.location"]},"resource_group_name":{"references":["var.resource_group_name"]},"workspace_id":{"references":["azurerm_log_analytics_workspace.logspace.id","azurerm_log_analytics_workspace.logspace"]}},"schema_version":2,"depends_on":["azurerm_log_analytics_workspace.logspace"]},{"address":"azurerm_key_vault.kv","mode":"managed","type":"azurerm_key_vault","name":"kv","provider_config_key":"azurerm","expressions":{"enabled_for_disk_encryption":{"constant_value":true},"location":{"references":["var.location"]},"name":{"references":["var.location","var.environment"]},"purge_protection_enabled":{"constant_value":false},"resource_group_name":{"references":["var.resource_group_name"]},"sku_name":{"constant_value":"standard"},"soft_delete_retention_days":{"constant_value":7},"tenant_id":{"references":["data.azurerm_client_config.current.tenant_id","data.azurerm_client_config.current"]}},"schema_version":2},{"address":"azurerm_key_vault_access_policy.cred_serv1","mode":"managed","type":"azurerm_key_vault_access_policy","name":"cred_serv1","provider_config_key":"azurerm","expressions":{"key_vault_id":{"references":["azurerm_key_vault.kv.id","azurerm_key_vault.kv"]},"object_id":{"references":["azurerm_windows_web_app.cred_serv1.identity[0].principal_id","azurerm_windows_web_app.cred_serv1.identity[0]","azurerm_windows_web_app.cred_serv1.identity","azurerm_windows_web_app.cred_serv1"]},"secret_permissions":{"constant_value":["Get","List"]},"tenant_id":{"references":["data.azurerm_client_config.current.tenant_id","data.azurerm_client_config.current"]}},"schema_version":0},{"address":"azurerm_key_vault_access_policy.current_user","mode":"managed","type":"azurerm_key_vault_access_policy","name":"current_user","provider_config_key":"azurerm","expressions":{"key_vault_id":{"references":["azurerm_key_vault.kv.id","azurerm_key_vault.kv"]},"object_id":{"references":["data.azurerm_client_config.current.object_id","data.azurerm_client_config.current"]},"secret_permissions":{"constant_value":["Get","List","Set","Delete","Recover","Backup","Restore","Purge"]},"tenant_id":{"references":["data.azurerm_client_config.current.tenant_id","data.azurerm_client_config.current"]}},"schema_version":0},{"address":"azurerm_key_vault_access_policy.webapp","mode":"managed","type":"azurerm_key_vault_access_policy","name":"webapp","provider_config_key":"azurerm","expressions":{"key_vault_id":{"references":["azurerm_key_vault.kv.id","azurerm_key_vault.kv"]},"object_id":{"references":["azurerm_windows_web_app.webapp.identity[0].principal_id","azurerm_windows_web_app.webapp.identity[0]","azurerm_windows_web_app.webapp.identity","azurerm_windows_web_app.webapp"]},"secret_permissions":{"constant_value":["Get","List"]},"tenant_id":{"references":["data.azurerm_client_config.current.tenant_id","data.azurerm_client_config.current"]}},"schema_version":0},{"address":"azurerm_key_vault_secret.sql_connection_string","mode":"managed","type":"azurerm_key_vault_secret","name":"sql_connection_string","provider_config_key":"azurerm","expressions":{"key_vault_id":{"references":["azurerm_key_vault.kv.id","azurerm_key_vault.kv"]},"name":{"constant_value":"sql-connection-string"},"value":{"references":["azurerm_mssql_server.dbserv.fully_qualified_domain_name","azurerm_mssql_server.dbserv","azurerm_mssql_database.creditcard.name","azurerm_mssql_database.creditcard","azurerm_mssql_server.dbserv.administrator_login","azurerm_mssql_server.dbserv","azurerm_mssql_server.dbserv.administrator_login_password","azurerm_mssql_server.dbserv"]}},"schema_version":0,"depends_on":["azurerm_key_vault_access_policy.current_user"]},{"address":"azurerm_log_analytics_workspace.logspace","mode":"managed","type":"azurerm_log_analytics_workspace","name":"logspace","provider_config_key":"azurerm","expressions":{"location":{"references":["var.location"]},"name":{"references":["var.environment","var.location"]},"resource_group_name":{"references":["var.resource_group_name"]},"retention_in_days":{"constant_value":30},"sku":{"constant_value":"PerGB2018"}},"schema_version":3},{"address":"azurerm_mssql_database.creditcard","mode":"managed","type":"azurerm_mssql_database","name":"creditcard","provider_config_key":"azurerm","expressions":{"auto_pause_delay_in_minutes":{"constant_value":60},"collation":{"constant_value":"SQL_Latin1_General_CP1_CI_AS"},"max_size_gb":{"constant_value":2},"min_capacity":{"constant_value":0.5},"name":{"constant_value":"CreditCard"},"server_id":{"references":["azurerm_mssql_server.dbserv.id","azurerm_mssql_server.dbserv"]},"sku_name":{"constant_value":"GP_S_Gen5_1"},"zone_redundant":{"constant_value":false}},"schema_version":1},{"address":"azurerm_mssql_firewall_rule.allow_azure","mode":"managed","type":"azurerm_mssql_firewall_rule","name":"allow_azure","provider_config_key":"azurerm","expressions":{"end_ip_address":{"constant_value":"0.0.0.0"},"name":{"constant_value":"AllowAzureServices"},"server_id":{"references":["azurerm_mssql_server.dbserv.id","azurerm_mssql_server.dbserv"]},"start_ip_address":{"constant_value":"0.0.0.0"}},"schema_version":0},{"address":"azurerm_mssql_server.dbserv","mode":"managed","type":"azurerm_mssql_server","name":"dbserv","provider_config_key":"azurerm","expressions":{"administrator_login":{"constant_value":"sqladmin"},"administrator_login_password":{"constant_value":"P@ssw0rd!1234"},"location":{"references":["var.location"]},"minimum_tls_version":{"constant_value":"1.2"},"name":{"references":["var.location","var.environment"]},"resource_group_name":{"references":["var.resource_group_name"]},"version":{"constant_value":"12.0"}},"schema_version":0},{"address":"azurerm_service_plan.plan","mode":"managed","type":"azurerm_service_plan","name":"plan","provider_config_key":"azurerm","expressions":{"location":{"references":["var.location"]},"name":{"references":["var.location","var.environment"]},"os_type":{"constant_value":"Windows"},"resource_group_name":{"references":["var.resource_group_name"]},"sku_name":{"constant_value":"S1"}},"schema_version":1},{"address":"azurerm_subnet.appservice","mode":"managed","type":"azurerm_subnet","name":"appservice","provider_config_key":"azurerm","expressions":{"address_prefixes":{"constant_value":["10.0.1.0/24"]},"delegation":[{"name":{"constant_value":"appservice-delegation"},"service_delegation":[{"actions":{"constant_value":["Microsoft.Network/virtualNetworks/subnets/action"]},"name":{"constant_value":"Microsoft.Web/serverFarms"}}]}],"name":{"references":["var.environment"]},"resource_group_name":{"references":["var.resource_group_name"]},"virtual_network_name":{"references":["azurerm_virtual_network.vnet.name","azurerm_virtual_network.vnet"]}},"schema_version":0},{"address":"azurerm_virtual_network.vnet","mode":"managed","type":"azurerm_virtual_network","name":"vnet","provider_config_key":"azurerm","expressions":{"address_space":{"constant_value":["10.0.0.0/16"]},"location":{"references":["var.location"]},"name":{"references":["var.environment","var.location"]},"resource_group_name":{"references":["var.resource_group_name"]}},"schema_version":0},{"address":"azurerm_windows_web_app.cred_serv1","mode":"managed","type":"azurerm_windows_web_app","name":"cred_serv1","provider_config_key":"azurerm","expressions":{"app_settings":{"references":["azurerm_application_insights.api.instrumentation_key","azurerm_application_insights.api","azurerm_key_vault_secret.sql_connection_string.id","azurerm_key_vault_secret.sql_connection_string"]},"identity":[{"type":{"constant_value":"SystemAssigned"}}],"location":{"references":["var.location"]},"name":{"references":["var.location","var.environment"]},"resource_group_name":{"references":["var.resource_group_name"]},"service_plan_id":{"references":["azurerm_service_plan.plan.id","azurerm_service_plan.plan"]},"site_config":[{"application_stack":[{"current_stack":{"constant_value":"dotnet"},"dotnet_version":{"constant_value":"v8.0"}}]}]},"schema_version":1},{"address":"azurerm_windows_web_app.webapp","mode":"managed","type":"azurerm_windows_web_app","name":"webapp","provider_config_key":"azurerm","expressions":{"app_settings":{"references":["azurerm_application_insights.api.instrumentation_key","azurerm_application_insights.api","azurerm_key_vault_secret.sql_connection_string.id","azurerm_key_vault_secret.sql_connection_string","azurerm_windows_web_app.cred_serv1.default_hostname","azurerm_windows_web_app.cred_serv1"]},"identity":[{"type":{"constant_value":"SystemAssigned"}}],"location":{"references":["var.location"]},"name":{"references":["var.location","var.environment"]},"resource_group_name":{"references":["var.resource_group_name"]},"service_plan_id":{"references":["azurerm_service_plan.plan.id","azurerm_service_plan.plan"]},"site_config":[{"application_stack":[{"current_stack":{"constant_value":"dotnet"},"dotnet_version":{"constant_value":"v8.0"}}]}]},"schema_version":1},{"address":"data.azurerm_client_config.current","mode":"data","type":"azurerm_client_config","name":"current","provider_config_key":"azurerm","schema_version":0}],"variables":{"environment":{"default":"sbx","description":"Environment tag (e.g., sbx, dev, prod)"},"location":{"default":"East US","description":"Azure region for resources"},"resource_group_name":{"default":"rg-eus-sbx","description":"Name of the resource group"},"subscription_id":{"description":"Azure Subscription ID"}}}},"relevant_attributes":[{"resource":"azurerm_key_vault_secret.sql_connection_string","attribute":["id"]},{"resource":"azurerm_service_plan.plan","attribute":["id"]},{"resource":"azurerm_windows_web_app.cred_serv1","attribute":["default_hostname"]},{"resource":"data.azurerm_client_config.current","attribute":["tenant_id"]},{"resource":"azurerm_log_analytics_workspace.logspace","attribute":["id"]},{"resource":"azurerm_virtual_network.vnet","attribute":["name"]},{"resource":"azurerm_windows_web_app.cred_serv1","attribute":["identity",0,"principal_id"]},{"resource":"data.azurerm_client_config.current","attribute":["object_id"]},{"resource":"azurerm_key_vault.kv","attribute":["id"]},{"resource":"azurerm_mssql_database.creditcard","attribute":["name"]},{"resource":"azurerm_application_insights.api","attribute":["instrumentation_key"]},{"resource":"azurerm_mssql_server.dbserv","attribute":["fully_qualified_domain_name"]},{"resource":"azurerm_mssql_server.dbserv","attribute":["id"]},{"resource":"azurerm_windows_web_app.cred_serv1","attribute":["id"]},{"resource":"azurerm_subnet.appservice","attribute":["id"]},{"resource":"azurerm_mssql_server.dbserv","attribute":["administrator_login"]},{"resource":"azurerm_windows_web_app.webapp","attribute":["id"]},{"resource":"azurerm_mssql_server.dbserv","attribute":["administrator_login_password"]},{"resource":"azurerm_windows_web_app.webapp","attribute":["identity",0,"principal_id"]}],"timestamp":"2025-08-09T09:20:59Z","applyable":true,"complete":true,"errored":false}
