{
  "version": 4,
  "terraform_version": "1.12.2",
  "serial": 9,
  "lineage": "f5715d65-cd11-76c6-f8b0-5b0d5005e49f",
  "outputs": {},
  "resources": [
    {
      "mode": "data",
      "type": "azurerm_client_config",
      "name": "current",
      "provider": "provider[\"registry.terraform.io/hashicorp/azurerm\"]",
      "instances": [
        {
          "schema_version": 0,
          "attributes": {
            "client_id": "04b07795-8ddb-461a-bbee-02f9e1bf7b46",
            "id": "Y2xpZW50Q29uZmlncy9jbGllbnRJZD0wNGIwNzc5NS04ZGRiLTQ2MWEtYmJlZS0wMmY5ZTFiZjdiNDY7b2JqZWN0SWQ9NjA0NTE1YmEtMzBmNi00NzZhLWE2YzMtZWRhZmM3OGM5ZTAwO3N1YnNjcmlwdGlvbklkPThiNjAwMWNkLWEzMjktNDk5OS04ZGJiLTNiMzI2MWJiMTAwYTt0ZW5hbnRJZD02MDRjMTUwNC1jNmEzLTQwODAtODFhYS1iMzMwOTExMDQxODc=",
            "object_id": "604515ba-30f6-476a-a6c3-edafc78c9e00",
            "subscription_id": "8b6001cd-a329-4999-8dbb-3b3261bb100a",
            "tenant_id": "604c1504-c6a3-4080-81aa-b33091104187",
            "timeouts": null
          },
          "sensitive_attributes": [],
          "identity_schema_version": 0
        }
      ]
    },
    {
      "mode": "managed",
      "type": "azurerm_application_insights",
      "name": "api",
      "provider": "provider[\"registry.terraform.io/hashicorp/azurerm\"]",
      "instances": [
        {
          "schema_version": 2,
          "attributes": {
            "app_id": "00e52cf6-437b-42b8-896d-e235ad76b6a4",
            "application_type": "web",
            "connection_string": "InstrumentationKey=3e1e0ed1-ea03-4f8f-84e5-0b7e8e0eaaec;IngestionEndpoint=https://eastus-8.in.applicationinsights.azure.com/;LiveEndpoint=https://eastus.livediagnostics.monitor.azure.com/;ApplicationId=00e52cf6-437b-42b8-896d-e235ad76b6a4",
            "daily_data_cap_in_gb": 100,
            "daily_data_cap_notifications_disabled": false,
            "disable_ip_masking": false,
            "force_customer_storage_for_profiler": false,
            "id": "/subscriptions/8b6001cd-a329-4999-8dbb-3b3261bb100a/resourceGroups/learn-757124b0-b600-418f-b590-743e96efce4e/providers/Microsoft.Insights/components/api-sbx-eastus",
            "instrumentation_key": "3e1e0ed1-ea03-4f8f-84e5-0b7e8e0eaaec",
            "internet_ingestion_enabled": true,
            "internet_query_enabled": true,
            "local_authentication_disabled": false,
            "location": "eastus",
            "name": "api-sbx-eastus",
            "resource_group_name": "learn-757124b0-b600-418f-b590-743e96efce4e",
            "retention_in_days": 90,
            "sampling_percentage": 100,
            "tags": null,
            "timeouts": null,
            "workspace_id": "/subscriptions/8b6001cd-a329-4999-8dbb-3b3261bb100a/resourceGroups/learn-757124b0-b600-418f-b590-743e96efce4e/providers/Microsoft.OperationalInsights/workspaces/log-sbx-eastus"
          },
          "sensitive_attributes": [
            [
              {
                "type": "get_attr",
                "value": "connection_string"
              }
            ],
            [
              {
                "type": "get_attr",
                "value": "instrumentation_key"
              }
            ]
          ],
          "identity_schema_version": 0,
          "private": "eyJlMmJmYjczMC1lY2FhLTExZTYtOGY4OC0zNDM2M2JjN2M0YzAiOnsiY3JlYXRlIjozNjAwMDAwMDAwMDAwLCJkZWxldGUiOjE4MDAwMDAwMDAwMDAsInJlYWQiOjMwMDAwMDAwMDAwMCwidXBkYXRlIjoxODAwMDAwMDAwMDAwfSwic2NoZW1hX3ZlcnNpb24iOiIyIn0=",
          "dependencies": [
            "azurerm_log_analytics_workspace.logspace"
          ]
        }
      ]
    },
    {
      "mode": "managed",
      "type": "azurerm_key_vault",
      "name": "kv",
      "provider": "provider[\"registry.terraform.io/hashicorp/azurerm\"]",
      "instances": [
        {
          "status": "tainted",
          "schema_version": 2,
          "attributes": {
            "access_policy": [
              {
                "application_id": "",
                "certificate_permissions": null,
                "key_permissions": null,
                "object_id": "604515ba-30f6-476a-a6c3-edafc78c9e00",
                "secret_permissions": [
                  "Get",
                  "List",
                  "Set",
                  "Delete",
                  "Recover",
                  "Backup",
                  "Restore",
                  "Purge"
                ],
                "storage_permissions": null,
                "tenant_id": "604c1504-c6a3-4080-81aa-b33091104187"
              }
            ],
            "contact": [],
            "enable_rbac_authorization": null,
            "enabled_for_deployment": null,
            "enabled_for_disk_encryption": true,
            "enabled_for_template_deployment": null,
            "id": "/subscriptions/8b6001cd-a329-4999-8dbb-3b3261bb100a/resourceGroups/learn-757124b0-b600-418f-b590-743e96efce4e/providers/Microsoft.KeyVault/vaults/kv-eastus-sbx",
            "location": "eastus",
            "name": "kv-eastus-sbx",
            "network_acls": null,
            "public_network_access_enabled": true,
            "purge_protection_enabled": false,
            "resource_group_name": "learn-757124b0-b600-418f-b590-743e96efce4e",
            "sku_name": "standard",
            "soft_delete_retention_days": 7,
            "tags": null,
            "tenant_id": "604c1504-c6a3-4080-81aa-b33091104187",
            "timeouts": null,
            "vault_uri": null
          },
          "sensitive_attributes": [],
          "identity_schema_version": 0,
          "private": "eyJlMmJmYjczMC1lY2FhLTExZTYtOGY4OC0zNDM2M2JjN2M0YzAiOnsiY3JlYXRlIjoxODAwMDAwMDAwMDAwLCJkZWxldGUiOjE4MDAwMDAwMDAwMDAsInJlYWQiOjMwMDAwMDAwMDAwMCwidXBkYXRlIjoxODAwMDAwMDAwMDAwfSwic2NoZW1hX3ZlcnNpb24iOiIyIn0=",
          "dependencies": [
            "data.azurerm_client_config.current"
          ]
        }
      ]
    },
    {
      "mode": "managed",
      "type": "azurerm_log_analytics_workspace",
      "name": "logspace",
      "provider": "provider[\"registry.terraform.io/hashicorp/azurerm\"]",
      "instances": [
        {
          "schema_version": 3,
          "attributes": {
            "allow_resource_only_permissions": true,
            "cmk_for_query_forced": false,
            "daily_quota_gb": -1,
            "data_collection_rule_id": "",
            "id": "/subscriptions/8b6001cd-a329-4999-8dbb-3b3261bb100a/resourceGroups/learn-757124b0-b600-418f-b590-743e96efce4e/providers/Microsoft.OperationalInsights/workspaces/log-sbx-eastus",
            "identity": [],
            "immediate_data_purge_on_30_days_enabled": false,
            "internet_ingestion_enabled": true,
            "internet_query_enabled": true,
            "local_authentication_disabled": true,
            "local_authentication_enabled": false,
            "location": "eastus",
            "name": "log-sbx-eastus",
            "primary_shared_key": "GKhaxvhHxKmktfvJgfvzsS9ohuWlb85d1s7oVqOqBOtHjIdV6yuO/c8HxEWjOxbzgCwoO9Olye8C/s9XklEIbQ==",
            "reservation_capacity_in_gb_per_day": null,
            "resource_group_name": "learn-757124b0-b600-418f-b590-743e96efce4e",
            "retention_in_days": 30,
            "secondary_shared_key": "eo8Y09uRC1kuK2bPOnv0tUvN1qqtIDjX4CL3fAlEKTz2JXTkxQyr9CAd8+OHwXVLTRz7G7S/fc9dDWa9zQL7Dw==",
            "sku": "PerGB2018",
            "tags": null,
            "timeouts": null,
            "workspace_id": "54cda4b3-f25c-4d03-ba71-af77980cf6f7"
          },
          "sensitive_attributes": [
            [
              {
                "type": "get_attr",
                "value": "primary_shared_key"
              }
            ],
            [
              {
                "type": "get_attr",
                "value": "secondary_shared_key"
              }
            ]
          ],
          "identity_schema_version": 0,
          "private": "eyJlMmJmYjczMC1lY2FhLTExZTYtOGY4OC0zNDM2M2JjN2M0YzAiOnsiY3JlYXRlIjoxODAwMDAwMDAwMDAwLCJkZWxldGUiOjE4MDAwMDAwMDAwMDAsInJlYWQiOjMwMDAwMDAwMDAwMCwidXBkYXRlIjoxODAwMDAwMDAwMDAwfSwic2NoZW1hX3ZlcnNpb24iOiIzIn0="
        }
      ]
    },
    {
      "mode": "managed",
      "type": "azurerm_service_plan",
      "name": "plan",
      "provider": "provider[\"registry.terraform.io/hashicorp/azurerm\"]",
      "instances": [
        {
          "schema_version": 1,
          "attributes": {
            "app_service_environment_id": "",
            "id": "/subscriptions/8b6001cd-a329-4999-8dbb-3b3261bb100a/resourceGroups/learn-757124b0-b600-418f-b590-743e96efce4e/providers/Microsoft.Web/serverFarms/plan-eastus-win-sbx",
            "kind": "app",
            "location": "eastus",
            "maximum_elastic_worker_count": 1,
            "name": "plan-eastus-win-sbx",
            "os_type": "Windows",
            "per_site_scaling_enabled": false,
            "premium_plan_auto_scale_enabled": false,
            "reserved": false,
            "resource_group_name": "learn-757124b0-b600-418f-b590-743e96efce4e",
            "sku_name": "S1",
            "tags": null,
            "timeouts": null,
            "worker_count": 1,
            "zone_balancing_enabled": false
          },
          "sensitive_attributes": [],
          "identity_schema_version": 0,
          "private": "eyJlMmJmYjczMC1lY2FhLTExZTYtOGY4OC0zNDM2M2JjN2M0YzAiOnsiY3JlYXRlIjozNjAwMDAwMDAwMDAwLCJkZWxldGUiOjM2MDAwMDAwMDAwMDAsInJlYWQiOjMwMDAwMDAwMDAwMCwidXBkYXRlIjozNjAwMDAwMDAwMDAwfSwic2NoZW1hX3ZlcnNpb24iOiIxIn0="
        }
      ]
    },
    {
      "mode": "managed",
      "type": "azurerm_windows_web_app",
      "name": "cred_serv1",
      "provider": "provider[\"registry.terraform.io/hashicorp/azurerm\"]",
      "instances": [
        {
          "status": "tainted",
          "schema_version": 1,
          "attributes": {
            "app_settings": {
              "APPINSIGHTS_INSTRUMENTATIONKEY": "3e1e0ed1-ea03-4f8f-84e5-0b7e8e0eaaec"
            },
            "auth_settings": [],
            "auth_settings_v2": [],
            "backup": [],
            "client_affinity_enabled": false,
            "client_certificate_enabled": false,
            "client_certificate_exclusion_paths": null,
            "client_certificate_mode": "Required",
            "connection_string": [],
            "custom_domain_verification_id": null,
            "default_hostname": null,
            "enabled": true,
            "ftp_publish_basic_authentication_enabled": true,
            "hosting_environment_id": null,
            "https_only": false,
            "id": "/subscriptions/8b6001cd-a329-4999-8dbb-3b3261bb100a/resourceGroups/learn-757124b0-b600-418f-b590-743e96efce4e/providers/Microsoft.Web/sites/cred-serv1-eastus-win-sbx",
            "identity": [],
            "key_vault_reference_identity_id": null,
            "kind": null,
            "location": "eastus",
            "logs": [],
            "name": "cred-serv1-eastus-win-sbx",
            "outbound_ip_address_list": null,
            "outbound_ip_addresses": null,
            "possible_outbound_ip_address_list": null,
            "possible_outbound_ip_addresses": null,
            "public_network_access_enabled": true,
            "resource_group_name": "learn-757124b0-b600-418f-b590-743e96efce4e",
            "service_plan_id": "/subscriptions/8b6001cd-a329-4999-8dbb-3b3261bb100a/resourceGroups/learn-757124b0-b600-418f-b590-743e96efce4e/providers/Microsoft.Web/serverFarms/plan-eastus-win-sbx",
            "site_config": [
              {
                "always_on": true,
                "api_definition_url": "",
                "api_management_api_id": "",
                "app_command_line": "",
                "application_stack": [
                  {
                    "current_stack": "dotnet",
                    "docker_image_name": "",
                    "docker_registry_password": "",
                    "docker_registry_url": "",
                    "docker_registry_username": "",
                    "dotnet_core_version": "",
                    "dotnet_version": "v8.0",
                    "java_container": "",
                    "java_container_version": "",
                    "java_embedded_server_enabled": false,
                    "java_version": "",
                    "node_version": "",
                    "php_version": "",
                    "python": false,
                    "tomcat_version": ""
                  }
                ],
                "auto_heal_setting": [],
                "container_registry_managed_identity_client_id": "",
                "container_registry_use_managed_identity": false,
                "cors": [],
                "default_documents": [],
                "detailed_error_logging_enabled": false,
                "ftps_state": "Disabled",
                "handler_mapping": [],
                "health_check_eviction_time_in_min": 0,
                "health_check_path": "",
                "http2_enabled": false,
                "ip_restriction": [],
                "ip_restriction_default_action": "Allow",
                "linux_fx_version": "",
                "load_balancing_mode": "LeastRequests",
                "local_mysql_enabled": false,
                "managed_pipeline_mode": "Integrated",
                "minimum_tls_version": "1.2",
                "remote_debugging_enabled": false,
                "remote_debugging_version": "",
                "scm_ip_restriction": [],
                "scm_ip_restriction_default_action": "Allow",
                "scm_minimum_tls_version": "1.2",
                "scm_type": "",
                "scm_use_main_ip_restriction": false,
                "use_32_bit_worker": true,
                "virtual_application": [],
                "vnet_route_all_enabled": false,
                "websockets_enabled": false,
                "windows_fx_version": "",
                "worker_count": 0
              }
            ],
            "site_credential": null,
            "sticky_settings": [],
            "storage_account": [],
            "tags": null,
            "timeouts": null,
            "virtual_network_backup_restore_enabled": false,
            "virtual_network_subnet_id": null,
            "webdeploy_publish_basic_authentication_enabled": true,
            "zip_deploy_file": null
          },
          "sensitive_attributes": [
            [
              {
                "type": "get_attr",
                "value": "app_settings"
              },
              {
                "type": "index",
                "value": {
                  "value": "APPINSIGHTS_INSTRUMENTATIONKEY",
                  "type": "string"
                }
              }
            ],
            [
              {
                "type": "get_attr",
                "value": "custom_domain_verification_id"
              }
            ],
            [
              {
                "type": "get_attr",
                "value": "site_config"
              },
              {
                "type": "index",
                "value": {
                  "value": 0,
                  "type": "number"
                }
              },
              {
                "type": "get_attr",
                "value": "application_stack"
              },
              {
                "type": "index",
                "value": {
                  "value": 0,
                  "type": "number"
                }
              },
              {
                "type": "get_attr",
                "value": "docker_registry_password"
              }
            ],
            [
              {
                "type": "get_attr",
                "value": "site_credential"
              }
            ]
          ],
          "identity_schema_version": 0,
          "private": "eyJlMmJmYjczMC1lY2FhLTExZTYtOGY4OC0zNDM2M2JjN2M0YzAiOnsiY3JlYXRlIjoxODAwMDAwMDAwMDAwLCJkZWxldGUiOjE4MDAwMDAwMDAwMDAsInJlYWQiOjMwMDAwMDAwMDAwMCwidXBkYXRlIjoxODAwMDAwMDAwMDAwfSwic2NoZW1hX3ZlcnNpb24iOiIxIn0=",
          "dependencies": [
            "azurerm_application_insights.api",
            "azurerm_log_analytics_workspace.logspace",
            "azurerm_service_plan.plan"
          ]
        }
      ]
    },
    {
      "mode": "managed",
      "type": "azurerm_windows_web_app",
      "name": "webapp",
      "provider": "provider[\"registry.terraform.io/hashicorp/azurerm\"]",
      "instances": [
        {
          "status": "tainted",
          "schema_version": 1,
          "attributes": {
            "app_settings": {
              "APPINSIGHTS_INSTRUMENTATIONKEY": "3e1e0ed1-ea03-4f8f-84e5-0b7e8e0eaaec"
            },
            "auth_settings": [],
            "auth_settings_v2": [],
            "backup": [],
            "client_affinity_enabled": false,
            "client_certificate_enabled": false,
            "client_certificate_exclusion_paths": null,
            "client_certificate_mode": "Required",
            "connection_string": [],
            "custom_domain_verification_id": null,
            "default_hostname": null,
            "enabled": true,
            "ftp_publish_basic_authentication_enabled": true,
            "hosting_environment_id": null,
            "https_only": false,
            "id": "/subscriptions/8b6001cd-a329-4999-8dbb-3b3261bb100a/resourceGroups/learn-757124b0-b600-418f-b590-743e96efce4e/providers/Microsoft.Web/sites/app-eastus-win-sbx",
            "identity": [],
            "key_vault_reference_identity_id": null,
            "kind": null,
            "location": "eastus",
            "logs": [],
            "name": "app-eastus-win-sbx",
            "outbound_ip_address_list": null,
            "outbound_ip_addresses": null,
            "possible_outbound_ip_address_list": null,
            "possible_outbound_ip_addresses": null,
            "public_network_access_enabled": true,
            "resource_group_name": "learn-757124b0-b600-418f-b590-743e96efce4e",
            "service_plan_id": "/subscriptions/8b6001cd-a329-4999-8dbb-3b3261bb100a/resourceGroups/learn-757124b0-b600-418f-b590-743e96efce4e/providers/Microsoft.Web/serverFarms/plan-eastus-win-sbx",
            "site_config": [
              {
                "always_on": true,
                "api_definition_url": "",
                "api_management_api_id": "",
                "app_command_line": "",
                "application_stack": [
                  {
                    "current_stack": "dotnet",
                    "docker_image_name": "",
                    "docker_registry_password": "",
                    "docker_registry_url": "",
                    "docker_registry_username": "",
                    "dotnet_core_version": "",
                    "dotnet_version": "v8.0",
                    "java_container": "",
                    "java_container_version": "",
                    "java_embedded_server_enabled": false,
                    "java_version": "",
                    "node_version": "",
                    "php_version": "",
                    "python": false,
                    "tomcat_version": ""
                  }
                ],
                "auto_heal_setting": [],
                "container_registry_managed_identity_client_id": "",
                "container_registry_use_managed_identity": false,
                "cors": [],
                "default_documents": [],
                "detailed_error_logging_enabled": false,
                "ftps_state": "Disabled",
                "handler_mapping": [],
                "health_check_eviction_time_in_min": 0,
                "health_check_path": "",
                "http2_enabled": false,
                "ip_restriction": [],
                "ip_restriction_default_action": "Allow",
                "linux_fx_version": "",
                "load_balancing_mode": "LeastRequests",
                "local_mysql_enabled": false,
                "managed_pipeline_mode": "Integrated",
                "minimum_tls_version": "1.2",
                "remote_debugging_enabled": false,
                "remote_debugging_version": "",
                "scm_ip_restriction": [],
                "scm_ip_restriction_default_action": "Allow",
                "scm_minimum_tls_version": "1.2",
                "scm_type": "",
                "scm_use_main_ip_restriction": false,
                "use_32_bit_worker": true,
                "virtual_application": [],
                "vnet_route_all_enabled": false,
                "websockets_enabled": false,
                "windows_fx_version": "",
                "worker_count": 0
              }
            ],
            "site_credential": null,
            "sticky_settings": [],
            "storage_account": [],
            "tags": null,
            "timeouts": null,
            "virtual_network_backup_restore_enabled": false,
            "virtual_network_subnet_id": null,
            "webdeploy_publish_basic_authentication_enabled": true,
            "zip_deploy_file": null
          },
          "sensitive_attributes": [
            [
              {
                "type": "get_attr",
                "value": "app_settings"
              },
              {
                "type": "index",
                "value": {
                  "value": "APPINSIGHTS_INSTRUMENTATIONKEY",
                  "type": "string"
                }
              }
            ],
            [
              {
                "type": "get_attr",
                "value": "custom_domain_verification_id"
              }
            ],
            [
              {
                "type": "get_attr",
                "value": "site_config"
              },
              {
                "type": "index",
                "value": {
                  "value": 0,
                  "type": "number"
                }
              },
              {
                "type": "get_attr",
                "value": "application_stack"
              },
              {
                "type": "index",
                "value": {
                  "value": 0,
                  "type": "number"
                }
              },
              {
                "type": "get_attr",
                "value": "docker_registry_password"
              }
            ],
            [
              {
                "type": "get_attr",
                "value": "site_credential"
              }
            ]
          ],
          "identity_schema_version": 0,
          "private": "eyJlMmJmYjczMC1lY2FhLTExZTYtOGY4OC0zNDM2M2JjN2M0YzAiOnsiY3JlYXRlIjoxODAwMDAwMDAwMDAwLCJkZWxldGUiOjE4MDAwMDAwMDAwMDAsInJlYWQiOjMwMDAwMDAwMDAwMCwidXBkYXRlIjoxODAwMDAwMDAwMDAwfSwic2NoZW1hX3ZlcnNpb24iOiIxIn0=",
          "dependencies": [
            "azurerm_application_insights.api",
            "azurerm_log_analytics_workspace.logspace",
            "azurerm_service_plan.plan"
          ]
        }
      ]
    }
  ],
  "check_results": null
}
