{
  "version": 4,
  "terraform_version": "1.12.2",
  "serial": 18,
  "lineage": "755f0249-89d0-6527-24f3-4447446b0bff",
  "outputs": {},
  "resources": [
    {
      "mode": "data",
      "type": "azurerm_client_config",
      "name": "current",
      "provider": "provider[\"registry.terraform.io/hashicorp/azurerm\"]",
      "instances": [
        {
          "schema_version": 0,
          "attributes": {
            "client_id": "04b07795-8ddb-461a-bbee-02f9e1bf7b46",
            "id": "Y2xpZW50Q29uZmlncy9jbGllbnRJZD0wNGIwNzc5NS04ZGRiLTQ2MWEtYmJlZS0wMmY5ZTFiZjdiNDY7b2JqZWN0SWQ9NjA0NTE1YmEtMzBmNi00NzZhLWE2YzMtZWRhZmM3OGM5ZTAwO3N1YnNjcmlwdGlvbklkPThiNjAwMWNkLWEzMjktNDk5OS04ZGJiLTNiMzI2MWJiMTAwYTt0ZW5hbnRJZD02MDRjMTUwNC1jNmEzLTQwODAtODFhYS1iMzMwOTExMDQxODc=",
            "object_id": "604515ba-30f6-476a-a6c3-edafc78c9e00",
            "subscription_id": "8b6001cd-a329-4999-8dbb-3b3261bb100a",
            "tenant_id": "604c1504-c6a3-4080-81aa-b33091104187",
            "timeouts": null
          },
          "sensitive_attributes": [],
          "identity_schema_version": 0
        }
      ]
    },
    {
      "mode": "managed",
      "type": "azurerm_app_service_virtual_network_swift_connection",
      "name": "cred_serv1",
      "provider": "provider[\"registry.terraform.io/hashicorp/azurerm\"]",
      "instances": [
        {
          "schema_version": 0,
          "attributes": {
            "app_service_id": "/subscriptions/8b6001cd-a329-4999-8dbb-3b3261bb100a/resourceGroups/learn-7c2a4ce4-d1a5-4fda-8d17-b995fc9a963c/providers/Microsoft.Web/sites/cred-serv1-eastus2-win-sbx-b9",
            "id": "/subscriptions/8b6001cd-a329-4999-8dbb-3b3261bb100a/resourceGroups/learn-7c2a4ce4-d1a5-4fda-8d17-b995fc9a963c/providers/Microsoft.Web/sites/cred-serv1-eastus2-win-sbx-b9/config/virtualNetwork",
            "subnet_id": "/subscriptions/8b6001cd-a329-4999-8dbb-3b3261bb100a/resourceGroups/learn-7c2a4ce4-d1a5-4fda-8d17-b995fc9a963c/providers/Microsoft.Network/virtualNetworks/vnet-sbx-b9-eastus2/subnets/snet-appservice-sbx-b9",
            "timeouts": null
          },
          "sensitive_attributes": [],
          "identity_schema_version": 0,
          "private": "eyJlMmJmYjczMC1lY2FhLTExZTYtOGY4OC0zNDM2M2JjN2M0YzAiOnsiY3JlYXRlIjoxODAwMDAwMDAwMDAwLCJkZWxldGUiOjE4MDAwMDAwMDAwMDAsInJlYWQiOjMwMDAwMDAwMDAwMCwidXBkYXRlIjoxODAwMDAwMDAwMDAwfX0=",
          "dependencies": [
            "azurerm_application_insights.api",
            "azurerm_key_vault.kv",
            "azurerm_key_vault_access_policy.current_user",
            "azurerm_key_vault_secret.sql_connection_string",
            "azurerm_log_analytics_workspace.logspace",
            "azurerm_mssql_database.creditcard",
            "azurerm_mssql_server.dbserv",
            "azurerm_service_plan.plan",
            "azurerm_subnet.appservice",
            "azurerm_virtual_network.vnet",
            "azurerm_windows_web_app.cred_serv1",
            "data.azurerm_client_config.current"
          ]
        }
      ]
    },
    {
      "mode": "managed",
      "type": "azurerm_app_service_virtual_network_swift_connection",
      "name": "webapp",
      "provider": "provider[\"registry.terraform.io/hashicorp/azurerm\"]",
      "instances": [
        {
          "schema_version": 0,
          "attributes": {
            "app_service_id": "/subscriptions/8b6001cd-a329-4999-8dbb-3b3261bb100a/resourceGroups/learn-7c2a4ce4-d1a5-4fda-8d17-b995fc9a963c/providers/Microsoft.Web/sites/app-eastus2-win-sbx-b9",
            "id": "/subscriptions/8b6001cd-a329-4999-8dbb-3b3261bb100a/resourceGroups/learn-7c2a4ce4-d1a5-4fda-8d17-b995fc9a963c/providers/Microsoft.Web/sites/app-eastus2-win-sbx-b9/config/virtualNetwork",
            "subnet_id": "/subscriptions/8b6001cd-a329-4999-8dbb-3b3261bb100a/resourceGroups/learn-7c2a4ce4-d1a5-4fda-8d17-b995fc9a963c/providers/Microsoft.Network/virtualNetworks/vnet-sbx-b9-eastus2/subnets/snet-appservice-sbx-b9",
            "timeouts": null
          },
          "sensitive_attributes": [],
          "identity_schema_version": 0,
          "private": "eyJlMmJmYjczMC1lY2FhLTExZTYtOGY4OC0zNDM2M2JjN2M0YzAiOnsiY3JlYXRlIjoxODAwMDAwMDAwMDAwLCJkZWxldGUiOjE4MDAwMDAwMDAwMDAsInJlYWQiOjMwMDAwMDAwMDAwMCwidXBkYXRlIjoxODAwMDAwMDAwMDAwfX0=",
          "dependencies": [
            "azurerm_application_insights.api",
            "azurerm_key_vault.kv",
            "azurerm_key_vault_access_policy.current_user",
            "azurerm_key_vault_secret.sql_connection_string",
            "azurerm_log_analytics_workspace.logspace",
            "azurerm_mssql_database.creditcard",
            "azurerm_mssql_server.dbserv",
            "azurerm_service_plan.plan",
            "azurerm_subnet.appservice",
            "azurerm_virtual_network.vnet",
            "azurerm_windows_web_app.cred_serv1",
            "azurerm_windows_web_app.webapp",
            "data.azurerm_client_config.current"
          ]
        }
      ]
    },
    {
      "mode": "managed",
      "type": "azurerm_application_insights",
      "name": "api",
      "provider": "provider[\"registry.terraform.io/hashicorp/azurerm\"]",
      "instances": [
        {
          "schema_version": 2,
          "attributes": {
            "app_id": "7186c318-269a-4fc8-b274-ec502c5c24c5",
            "application_type": "web",
            "connection_string": "InstrumentationKey=bf4e2917-adf1-4e87-aa3e-108ced5bfb8d;IngestionEndpoint=https://eastus2-3.in.applicationinsights.azure.com/;LiveEndpoint=https://eastus2.livediagnostics.monitor.azure.com/;ApplicationId=7186c318-269a-4fc8-b274-ec502c5c24c5",
            "daily_data_cap_in_gb": 100,
            "daily_data_cap_notifications_disabled": false,
            "disable_ip_masking": false,
            "force_customer_storage_for_profiler": false,
            "id": "/subscriptions/8b6001cd-a329-4999-8dbb-3b3261bb100a/resourceGroups/learn-7c2a4ce4-d1a5-4fda-8d17-b995fc9a963c/providers/Microsoft.Insights/components/api-sbx-b9-eastus2",
            "instrumentation_key": "bf4e2917-adf1-4e87-aa3e-108ced5bfb8d",
            "internet_ingestion_enabled": true,
            "internet_query_enabled": true,
            "local_authentication_disabled": false,
            "location": "eastus2",
            "name": "api-sbx-b9-eastus2",
            "resource_group_name": "learn-7c2a4ce4-d1a5-4fda-8d17-b995fc9a963c",
            "retention_in_days": 90,
            "sampling_percentage": 100,
            "tags": null,
            "timeouts": null,
            "workspace_id": "/subscriptions/8b6001cd-a329-4999-8dbb-3b3261bb100a/resourceGroups/learn-7c2a4ce4-d1a5-4fda-8d17-b995fc9a963c/providers/Microsoft.OperationalInsights/workspaces/log-sbx-b9-eastus2"
          },
          "sensitive_attributes": [
            [
              {
                "type": "get_attr",
                "value": "connection_string"
              }
            ],
            [
              {
                "type": "get_attr",
                "value": "instrumentation_key"
              }
            ]
          ],
          "identity_schema_version": 0,
          "private": "eyJlMmJmYjczMC1lY2FhLTExZTYtOGY4OC0zNDM2M2JjN2M0YzAiOnsiY3JlYXRlIjozNjAwMDAwMDAwMDAwLCJkZWxldGUiOjE4MDAwMDAwMDAwMDAsInJlYWQiOjMwMDAwMDAwMDAwMCwidXBkYXRlIjoxODAwMDAwMDAwMDAwfSwic2NoZW1hX3ZlcnNpb24iOiIyIn0=",
          "dependencies": [
            "azurerm_log_analytics_workspace.logspace"
          ]
        }
      ]
    },
    {
      "mode": "managed",
      "type": "azurerm_key_vault",
      "name": "kv",
      "provider": "provider[\"registry.terraform.io/hashicorp/azurerm\"]",
      "instances": [
        {
          "schema_version": 2,
          "attributes": {
            "access_policy": [],
            "contact": [],
            "enable_rbac_authorization": false,
            "enabled_for_deployment": false,
            "enabled_for_disk_encryption": true,
            "enabled_for_template_deployment": false,
            "id": "/subscriptions/8b6001cd-a329-4999-8dbb-3b3261bb100a/resourceGroups/learn-7c2a4ce4-d1a5-4fda-8d17-b995fc9a963c/providers/Microsoft.KeyVault/vaults/kv-eastus2-sbx-b9",
            "location": "eastus2",
            "name": "kv-eastus2-sbx-b9",
            "network_acls": [
              {
                "bypass": "AzureServices",
                "default_action": "Allow",
                "ip_rules": [],
                "virtual_network_subnet_ids": []
              }
            ],
            "public_network_access_enabled": true,
            "purge_protection_enabled": false,
            "resource_group_name": "learn-7c2a4ce4-d1a5-4fda-8d17-b995fc9a963c",
            "sku_name": "standard",
            "soft_delete_retention_days": 7,
            "tags": null,
            "tenant_id": "604c1504-c6a3-4080-81aa-b33091104187",
            "timeouts": null,
            "vault_uri": "https://kv-eastus2-sbx-b9.vault.azure.net/"
          },
          "sensitive_attributes": [],
          "identity_schema_version": 0,
          "private": "eyJlMmJmYjczMC1lY2FhLTExZTYtOGY4OC0zNDM2M2JjN2M0YzAiOnsiY3JlYXRlIjoxODAwMDAwMDAwMDAwLCJkZWxldGUiOjE4MDAwMDAwMDAwMDAsInJlYWQiOjMwMDAwMDAwMDAwMCwidXBkYXRlIjoxODAwMDAwMDAwMDAwfSwic2NoZW1hX3ZlcnNpb24iOiIyIn0=",
          "dependencies": [
            "data.azurerm_client_config.current"
          ]
        }
      ]
    },
    {
      "mode": "managed",
      "type": "azurerm_key_vault_access_policy",
      "name": "cred_serv1",
      "provider": "provider[\"registry.terraform.io/hashicorp/azurerm\"]",
      "instances": [
        {
          "schema_version": 0,
          "attributes": {
            "application_id": null,
            "certificate_permissions": null,
            "id": "/subscriptions/8b6001cd-a329-4999-8dbb-3b3261bb100a/resourceGroups/learn-7c2a4ce4-d1a5-4fda-8d17-b995fc9a963c/providers/Microsoft.KeyVault/vaults/kv-eastus2-sbx-b9/objectId/1b049b91-6581-4a3d-bbdc-d1f9c38dc2f9",
            "key_permissions": null,
            "key_vault_id": "/subscriptions/8b6001cd-a329-4999-8dbb-3b3261bb100a/resourceGroups/learn-7c2a4ce4-d1a5-4fda-8d17-b995fc9a963c/providers/Microsoft.KeyVault/vaults/kv-eastus2-sbx-b9",
            "object_id": "1b049b91-6581-4a3d-bbdc-d1f9c38dc2f9",
            "secret_permissions": [
              "Get",
              "List"
            ],
            "storage_permissions": null,
            "tenant_id": "604c1504-c6a3-4080-81aa-b33091104187",
            "timeouts": null
          },
          "sensitive_attributes": [],
          "identity_schema_version": 0,
          "private": "eyJlMmJmYjczMC1lY2FhLTExZTYtOGY4OC0zNDM2M2JjN2M0YzAiOnsiY3JlYXRlIjoxODAwMDAwMDAwMDAwLCJkZWxldGUiOjE4MDAwMDAwMDAwMDAsInJlYWQiOjMwMDAwMDAwMDAwMCwidXBkYXRlIjoxODAwMDAwMDAwMDAwfX0=",
          "dependencies": [
            "azurerm_application_insights.api",
            "azurerm_key_vault.kv",
            "azurerm_key_vault_access_policy.current_user",
            "azurerm_key_vault_secret.sql_connection_string",
            "azurerm_log_analytics_workspace.logspace",
            "azurerm_mssql_database.creditcard",
            "azurerm_mssql_server.dbserv",
            "azurerm_service_plan.plan",
            "azurerm_windows_web_app.cred_serv1",
            "data.azurerm_client_config.current"
          ]
        }
      ]
    },
    {
      "mode": "managed",
      "type": "azurerm_key_vault_access_policy",
      "name": "current_user",
      "provider": "provider[\"registry.terraform.io/hashicorp/azurerm\"]",
      "instances": [
        {
          "schema_version": 0,
          "attributes": {
            "application_id": null,
            "certificate_permissions": null,
            "id": "/subscriptions/8b6001cd-a329-4999-8dbb-3b3261bb100a/resourceGroups/learn-7c2a4ce4-d1a5-4fda-8d17-b995fc9a963c/providers/Microsoft.KeyVault/vaults/kv-eastus2-sbx-b9/objectId/604515ba-30f6-476a-a6c3-edafc78c9e00",
            "key_permissions": null,
            "key_vault_id": "/subscriptions/8b6001cd-a329-4999-8dbb-3b3261bb100a/resourceGroups/learn-7c2a4ce4-d1a5-4fda-8d17-b995fc9a963c/providers/Microsoft.KeyVault/vaults/kv-eastus2-sbx-b9",
            "object_id": "604515ba-30f6-476a-a6c3-edafc78c9e00",
            "secret_permissions": [
              "Get",
              "List",
              "Set",
              "Delete",
              "Recover",
              "Backup",
              "Restore",
              "Purge"
            ],
            "storage_permissions": null,
            "tenant_id": "604c1504-c6a3-4080-81aa-b33091104187",
            "timeouts": null
          },
          "sensitive_attributes": [],
          "identity_schema_version": 0,
          "private": "eyJlMmJmYjczMC1lY2FhLTExZTYtOGY4OC0zNDM2M2JjN2M0YzAiOnsiY3JlYXRlIjoxODAwMDAwMDAwMDAwLCJkZWxldGUiOjE4MDAwMDAwMDAwMDAsInJlYWQiOjMwMDAwMDAwMDAwMCwidXBkYXRlIjoxODAwMDAwMDAwMDAwfX0=",
          "dependencies": [
            "azurerm_key_vault.kv",
            "data.azurerm_client_config.current"
          ]
        }
      ]
    },
    {
      "mode": "managed",
      "type": "azurerm_key_vault_access_policy",
      "name": "webapp",
      "provider": "provider[\"registry.terraform.io/hashicorp/azurerm\"]",
      "instances": [
        {
          "schema_version": 0,
          "attributes": {
            "application_id": null,
            "certificate_permissions": null,
            "id": "/subscriptions/8b6001cd-a329-4999-8dbb-3b3261bb100a/resourceGroups/learn-7c2a4ce4-d1a5-4fda-8d17-b995fc9a963c/providers/Microsoft.KeyVault/vaults/kv-eastus2-sbx-b9/objectId/c4680903-2747-45b8-ab5d-25b08c2196cd",
            "key_permissions": null,
            "key_vault_id": "/subscriptions/8b6001cd-a329-4999-8dbb-3b3261bb100a/resourceGroups/learn-7c2a4ce4-d1a5-4fda-8d17-b995fc9a963c/providers/Microsoft.KeyVault/vaults/kv-eastus2-sbx-b9",
            "object_id": "c4680903-2747-45b8-ab5d-25b08c2196cd",
            "secret_permissions": [
              "Get",
              "List"
            ],
            "storage_permissions": null,
            "tenant_id": "604c1504-c6a3-4080-81aa-b33091104187",
            "timeouts": null
          },
          "sensitive_attributes": [],
          "identity_schema_version": 0,
          "private": "eyJlMmJmYjczMC1lY2FhLTExZTYtOGY4OC0zNDM2M2JjN2M0YzAiOnsiY3JlYXRlIjoxODAwMDAwMDAwMDAwLCJkZWxldGUiOjE4MDAwMDAwMDAwMDAsInJlYWQiOjMwMDAwMDAwMDAwMCwidXBkYXRlIjoxODAwMDAwMDAwMDAwfX0=",
          "dependencies": [
            "azurerm_application_insights.api",
            "azurerm_key_vault.kv",
            "azurerm_key_vault_access_policy.current_user",
            "azurerm_key_vault_secret.sql_connection_string",
            "azurerm_log_analytics_workspace.logspace",
            "azurerm_mssql_database.creditcard",
            "azurerm_mssql_server.dbserv",
            "azurerm_service_plan.plan",
            "azurerm_windows_web_app.cred_serv1",
            "azurerm_windows_web_app.webapp",
            "data.azurerm_client_config.current"
          ]
        }
      ]
    },
    {
      "mode": "managed",
      "type": "azurerm_key_vault_secret",
      "name": "sql_connection_string",
      "provider": "provider[\"registry.terraform.io/hashicorp/azurerm\"]",
      "instances": [
        {
          "schema_version": 0,
          "attributes": {
            "content_type": "",
            "expiration_date": null,
            "id": "https://kv-eastus2-sbx-b9.vault.azure.net/secrets/sql-connection-string/8c832b558d4a428b88cf95e73de64641",
            "key_vault_id": "/subscriptions/8b6001cd-a329-4999-8dbb-3b3261bb100a/resourceGroups/learn-7c2a4ce4-d1a5-4fda-8d17-b995fc9a963c/providers/Microsoft.KeyVault/vaults/kv-eastus2-sbx-b9",
            "name": "sql-connection-string",
            "not_before_date": null,
            "resource_id": "/subscriptions/8b6001cd-a329-4999-8dbb-3b3261bb100a/resourceGroups/learn-7c2a4ce4-d1a5-4fda-8d17-b995fc9a963c/providers/Microsoft.KeyVault/vaults/kv-eastus2-sbx-b9/secrets/sql-connection-string/versions/8c832b558d4a428b88cf95e73de64641",
            "resource_versionless_id": "/subscriptions/8b6001cd-a329-4999-8dbb-3b3261bb100a/resourceGroups/learn-7c2a4ce4-d1a5-4fda-8d17-b995fc9a963c/providers/Microsoft.KeyVault/vaults/kv-eastus2-sbx-b9/secrets/sql-connection-string",
            "tags": null,
            "timeouts": null,
            "value": "Server=tcp:db-eastus22-sbx-b9.database.windows.net,1433;Initial Catalog=CreditCard;Persist Security Info=False;User ID=sqladmin;Password=P@ssw0rd!1234;MultipleActiveResultSets=False;Encrypt=True;TrustServerCertificate=False;Connection Timeout=30;",
            "value_wo": null,
            "value_wo_version": 0,
            "version": "8c832b558d4a428b88cf95e73de64641",
            "versionless_id": "https://kv-eastus2-sbx-b9.vault.azure.net/secrets/sql-connection-string"
          },
          "sensitive_attributes": [
            [
              {
                "type": "get_attr",
                "value": "value"
              }
            ]
          ],
          "identity_schema_version": 0,
          "private": "eyJlMmJmYjczMC1lY2FhLTExZTYtOGY4OC0zNDM2M2JjN2M0YzAiOnsiY3JlYXRlIjoxODAwMDAwMDAwMDAwLCJkZWxldGUiOjE4MDAwMDAwMDAwMDAsInJlYWQiOjE4MDAwMDAwMDAwMDAsInVwZGF0ZSI6MTgwMDAwMDAwMDAwMH19",
          "dependencies": [
            "azurerm_key_vault.kv",
            "azurerm_key_vault_access_policy.current_user",
            "azurerm_mssql_database.creditcard",
            "azurerm_mssql_server.dbserv",
            "data.azurerm_client_config.current"
          ]
        }
      ]
    },
    {
      "mode": "managed",
      "type": "azurerm_log_analytics_workspace",
      "name": "logspace",
      "provider": "provider[\"registry.terraform.io/hashicorp/azurerm\"]",
      "instances": [
        {
          "schema_version": 3,
          "attributes": {
            "allow_resource_only_permissions": true,
            "cmk_for_query_forced": false,
            "daily_quota_gb": -1,
            "data_collection_rule_id": "",
            "id": "/subscriptions/8b6001cd-a329-4999-8dbb-3b3261bb100a/resourceGroups/learn-7c2a4ce4-d1a5-4fda-8d17-b995fc9a963c/providers/Microsoft.OperationalInsights/workspaces/log-sbx-b9-eastus2",
            "identity": [],
            "immediate_data_purge_on_30_days_enabled": false,
            "internet_ingestion_enabled": true,
            "internet_query_enabled": true,
            "local_authentication_disabled": true,
            "local_authentication_enabled": false,
            "location": "eastus2",
            "name": "log-sbx-b9-eastus2",
            "primary_shared_key": "cowzmGZzJ6yx/AMowje4s2qAzJ97Jh0LDUJYi1pF9qU2goaD+iUi7SpoiOWaH/bJDd+HPX9o74IM13GJi/lfJQ==",
            "reservation_capacity_in_gb_per_day": null,
            "resource_group_name": "learn-7c2a4ce4-d1a5-4fda-8d17-b995fc9a963c",
            "retention_in_days": 30,
            "secondary_shared_key": "OvZSuSKW48LL6fSzs4icJYngy+PcGBw9Q9pD/Zfr5vN4ktyd6LiOgb/LiZ8z4fNUwFditoXxG2mFNyeRuDp0Wg==",
            "sku": "PerGB2018",
            "tags": null,
            "timeouts": null,
            "workspace_id": "b140b401-ec1b-4743-959c-0f7ec8748851"
          },
          "sensitive_attributes": [
            [
              {
                "type": "get_attr",
                "value": "primary_shared_key"
              }
            ],
            [
              {
                "type": "get_attr",
                "value": "secondary_shared_key"
              }
            ]
          ],
          "identity_schema_version": 0,
          "private": "eyJlMmJmYjczMC1lY2FhLTExZTYtOGY4OC0zNDM2M2JjN2M0YzAiOnsiY3JlYXRlIjoxODAwMDAwMDAwMDAwLCJkZWxldGUiOjE4MDAwMDAwMDAwMDAsInJlYWQiOjMwMDAwMDAwMDAwMCwidXBkYXRlIjoxODAwMDAwMDAwMDAwfSwic2NoZW1hX3ZlcnNpb24iOiIzIn0="
        }
      ]
    },
    {
      "mode": "managed",
      "type": "azurerm_mssql_database",
      "name": "creditcard",
      "provider": "provider[\"registry.terraform.io/hashicorp/azurerm\"]",
      "instances": [
        {
          "schema_version": 1,
          "attributes": {
            "auto_pause_delay_in_minutes": 60,
            "collation": "SQL_Latin1_General_CP1_CI_AS",
            "create_mode": "Default",
            "creation_source_database_id": null,
            "elastic_pool_id": "",
            "enclave_type": "",
            "geo_backup_enabled": true,
            "id": "/subscriptions/8b6001cd-a329-4999-8dbb-3b3261bb100a/resourceGroups/learn-7c2a4ce4-d1a5-4fda-8d17-b995fc9a963c/providers/Microsoft.Sql/servers/db-eastus22-sbx-b9/databases/CreditCard",
            "identity": [],
            "import": [],
            "ledger_enabled": false,
            "license_type": "",
            "long_term_retention_policy": [
              {
                "immutable_backups_enabled": false,
                "monthly_retention": "PT0S",
                "week_of_year": 1,
                "weekly_retention": "PT0S",
                "yearly_retention": "PT0S"
              }
            ],
            "maintenance_configuration_name": "SQL_Default",
            "max_size_gb": 2,
            "min_capacity": 0.5,
            "name": "CreditCard",
            "read_replica_count": 0,
            "read_scale": false,
            "recover_database_id": null,
            "recovery_point_id": null,
            "restore_dropped_database_id": null,
            "restore_long_term_retention_backup_id": null,
            "restore_point_in_time": null,
            "sample_name": null,
            "secondary_type": "",
            "server_id": "/subscriptions/8b6001cd-a329-4999-8dbb-3b3261bb100a/resourceGroups/learn-7c2a4ce4-d1a5-4fda-8d17-b995fc9a963c/providers/Microsoft.Sql/servers/db-eastus22-sbx-b9",
            "short_term_retention_policy": [
              {
                "backup_interval_in_hours": 12,
                "retention_days": 7
              }
            ],
            "sku_name": "GP_S_Gen5_1",
            "storage_account_type": "Geo",
            "tags": null,
            "threat_detection_policy": [
              {
                "disabled_alerts": [],
                "email_account_admins": "Disabled",
                "email_addresses": [],
                "retention_days": 0,
                "state": "Disabled",
                "storage_account_access_key": "",
                "storage_endpoint": ""
              }
            ],
            "timeouts": null,
            "transparent_data_encryption_enabled": true,
            "transparent_data_encryption_key_automatic_rotation_enabled": false,
            "transparent_data_encryption_key_vault_key_id": "",
            "zone_redundant": false
          },
          "sensitive_attributes": [
            [
              {
                "type": "get_attr",
                "value": "threat_detection_policy"
              },
              {
                "type": "index",
                "value": {
                  "value": 0,
                  "type": "number"
                }
              },
              {
                "type": "get_attr",
                "value": "storage_account_access_key"
              }
            ]
          ],
          "identity_schema_version": 0,
          "private": "eyJlMmJmYjczMC1lY2FhLTExZTYtOGY4OC0zNDM2M2JjN2M0YzAiOnsiY3JlYXRlIjozNjAwMDAwMDAwMDAwLCJkZWxldGUiOjM2MDAwMDAwMDAwMDAsInJlYWQiOjMwMDAwMDAwMDAwMCwidXBkYXRlIjozNjAwMDAwMDAwMDAwfSwic2NoZW1hX3ZlcnNpb24iOiIxIn0=",
          "dependencies": [
            "azurerm_mssql_server.dbserv"
          ]
        }
      ]
    },
    {
      "mode": "managed",
      "type": "azurerm_mssql_firewall_rule",
      "name": "allow_azure",
      "provider": "provider[\"registry.terraform.io/hashicorp/azurerm\"]",
      "instances": [
        {
          "schema_version": 0,
          "attributes": {
            "end_ip_address": "0.0.0.0",
            "id": "/subscriptions/8b6001cd-a329-4999-8dbb-3b3261bb100a/resourceGroups/learn-7c2a4ce4-d1a5-4fda-8d17-b995fc9a963c/providers/Microsoft.Sql/servers/db-eastus22-sbx-b9/firewallRules/AllowAzureServices",
            "name": "AllowAzureServices",
            "server_id": "/subscriptions/8b6001cd-a329-4999-8dbb-3b3261bb100a/resourceGroups/learn-7c2a4ce4-d1a5-4fda-8d17-b995fc9a963c/providers/Microsoft.Sql/servers/db-eastus22-sbx-b9",
            "start_ip_address": "0.0.0.0",
            "timeouts": null
          },
          "sensitive_attributes": [],
          "identity_schema_version": 0,
          "private": "eyJlMmJmYjczMC1lY2FhLTExZTYtOGY4OC0zNDM2M2JjN2M0YzAiOnsiY3JlYXRlIjoxODAwMDAwMDAwMDAwLCJkZWxldGUiOjE4MDAwMDAwMDAwMDAsInJlYWQiOjMwMDAwMDAwMDAwMCwidXBkYXRlIjoxODAwMDAwMDAwMDAwfX0=",
          "dependencies": [
            "azurerm_mssql_server.dbserv"
          ]
        }
      ]
    },
    {
      "mode": "managed",
      "type": "azurerm_mssql_server",
      "name": "dbserv",
      "provider": "provider[\"registry.terraform.io/hashicorp/azurerm\"]",
      "instances": [
        {
          "schema_version": 0,
          "attributes": {
            "administrator_login": "sqladmin",
            "administrator_login_password": "P@ssw0rd!1234",
            "administrator_login_password_wo": null,
            "administrator_login_password_wo_version": 0,
            "azuread_administrator": [],
            "connection_policy": "Default",
            "express_vulnerability_assessment_enabled": false,
            "fully_qualified_domain_name": "db-eastus22-sbx-b9.database.windows.net",
            "id": "/subscriptions/8b6001cd-a329-4999-8dbb-3b3261bb100a/resourceGroups/learn-7c2a4ce4-d1a5-4fda-8d17-b995fc9a963c/providers/Microsoft.Sql/servers/db-eastus22-sbx-b9",
            "identity": [],
            "location": "eastus2",
            "minimum_tls_version": "1.2",
            "name": "db-eastus22-sbx-b9",
            "outbound_network_restriction_enabled": false,
            "primary_user_assigned_identity_id": "",
            "public_network_access_enabled": true,
            "resource_group_name": "learn-7c2a4ce4-d1a5-4fda-8d17-b995fc9a963c",
            "restorable_dropped_database_ids": [],
            "tags": null,
            "timeouts": null,
            "transparent_data_encryption_key_vault_key_id": "",
            "version": "12.0"
          },
          "sensitive_attributes": [
            [
              {
                "type": "get_attr",
                "value": "administrator_login_password"
              }
            ],
            [
              {
                "type": "get_attr",
                "value": "administrator_login_password_wo"
              }
            ]
          ],
          "identity_schema_version": 0,
          "private": "eyJlMmJmYjczMC1lY2FhLTExZTYtOGY4OC0zNDM2M2JjN2M0YzAiOnsiY3JlYXRlIjozNjAwMDAwMDAwMDAwLCJkZWxldGUiOjM2MDAwMDAwMDAwMDAsInJlYWQiOjMwMDAwMDAwMDAwMCwidXBkYXRlIjozNjAwMDAwMDAwMDAwfX0="
        }
      ]
    },
    {
      "mode": "managed",
      "type": "azurerm_service_plan",
      "name": "plan",
      "provider": "provider[\"registry.terraform.io/hashicorp/azurerm\"]",
      "instances": [
        {
          "schema_version": 1,
          "attributes": {
            "app_service_environment_id": "",
            "id": "/subscriptions/8b6001cd-a329-4999-8dbb-3b3261bb100a/resourceGroups/learn-7c2a4ce4-d1a5-4fda-8d17-b995fc9a963c/providers/Microsoft.Web/serverFarms/plan-eastus2-win-sbx-b9",
            "kind": "app",
            "location": "eastus2",
            "maximum_elastic_worker_count": 1,
            "name": "plan-eastus2-win-sbx-b9",
            "os_type": "Windows",
            "per_site_scaling_enabled": false,
            "premium_plan_auto_scale_enabled": false,
            "reserved": false,
            "resource_group_name": "learn-7c2a4ce4-d1a5-4fda-8d17-b995fc9a963c",
            "sku_name": "S1",
            "tags": null,
            "timeouts": null,
            "worker_count": 1,
            "zone_balancing_enabled": false
          },
          "sensitive_attributes": [],
          "identity_schema_version": 0,
          "private": "eyJlMmJmYjczMC1lY2FhLTExZTYtOGY4OC0zNDM2M2JjN2M0YzAiOnsiY3JlYXRlIjozNjAwMDAwMDAwMDAwLCJkZWxldGUiOjM2MDAwMDAwMDAwMDAsInJlYWQiOjMwMDAwMDAwMDAwMCwidXBkYXRlIjozNjAwMDAwMDAwMDAwfSwic2NoZW1hX3ZlcnNpb24iOiIxIn0="
        }
      ]
    },
    {
      "mode": "managed",
      "type": "azurerm_subnet",
      "name": "appservice",
      "provider": "provider[\"registry.terraform.io/hashicorp/azurerm\"]",
      "instances": [
        {
          "schema_version": 0,
          "attributes": {
            "address_prefixes": [
              "10.0.1.0/24"
            ],
            "default_outbound_access_enabled": true,
            "delegation": [
              {
                "name": "appservice-delegation",
                "service_delegation": [
                  {
                    "actions": [
                      "Microsoft.Network/virtualNetworks/subnets/action"
                    ],
                    "name": "Microsoft.Web/serverFarms"
                  }
                ]
              }
            ],
            "id": "/subscriptions/8b6001cd-a329-4999-8dbb-3b3261bb100a/resourceGroups/learn-7c2a4ce4-d1a5-4fda-8d17-b995fc9a963c/providers/Microsoft.Network/virtualNetworks/vnet-sbx-b9-eastus2/subnets/snet-appservice-sbx-b9",
            "ip_address_pool": [],
            "name": "snet-appservice-sbx-b9",
            "private_endpoint_network_policies": "Disabled",
            "private_link_service_network_policies_enabled": true,
            "resource_group_name": "learn-7c2a4ce4-d1a5-4fda-8d17-b995fc9a963c",
            "service_endpoint_policy_ids": null,
            "service_endpoints": null,
            "timeouts": null,
            "virtual_network_name": "vnet-sbx-b9-eastus2"
          },
          "sensitive_attributes": [],
          "identity_schema_version": 0,
          "identity": {
            "name": "snet-appservice-sbx-b9",
            "resource_group_name": "learn-7c2a4ce4-d1a5-4fda-8d17-b995fc9a963c",
            "subscription_id": "8b6001cd-a329-4999-8dbb-3b3261bb100a",
            "virtual_network_name": "vnet-sbx-b9-eastus2"
          },
          "private": "eyJlMmJmYjczMC1lY2FhLTExZTYtOGY4OC0zNDM2M2JjN2M0YzAiOnsiY3JlYXRlIjoxODAwMDAwMDAwMDAwLCJkZWxldGUiOjE4MDAwMDAwMDAwMDAsInJlYWQiOjMwMDAwMDAwMDAwMCwidXBkYXRlIjoxODAwMDAwMDAwMDAwfX0=",
          "dependencies": [
            "azurerm_virtual_network.vnet"
          ]
        }
      ]
    },
    {
      "mode": "managed",
      "type": "azurerm_virtual_network",
      "name": "vnet",
      "provider": "provider[\"registry.terraform.io/hashicorp/azurerm\"]",
      "instances": [
        {
          "schema_version": 0,
          "attributes": {
            "address_space": [
              "10.0.0.0/16"
            ],
            "bgp_community": "",
            "ddos_protection_plan": [],
            "dns_servers": [],
            "edge_zone": "",
            "encryption": [],
            "flow_timeout_in_minutes": 0,
            "guid": "cd289923-7c71-4ff5-ba67-f45de13f703e",
            "id": "/subscriptions/8b6001cd-a329-4999-8dbb-3b3261bb100a/resourceGroups/learn-7c2a4ce4-d1a5-4fda-8d17-b995fc9a963c/providers/Microsoft.Network/virtualNetworks/vnet-sbx-b9-eastus2",
            "ip_address_pool": [],
            "location": "eastus2",
            "name": "vnet-sbx-b9-eastus2",
            "private_endpoint_vnet_policies": "Disabled",
            "resource_group_name": "learn-7c2a4ce4-d1a5-4fda-8d17-b995fc9a963c",
            "subnet": [],
            "tags": null,
            "timeouts": null
          },
          "sensitive_attributes": [],
          "identity_schema_version": 0,
          "identity": {
            "name": "vnet-sbx-b9-eastus2",
            "resource_group_name": "learn-7c2a4ce4-d1a5-4fda-8d17-b995fc9a963c",
            "subscription_id": "8b6001cd-a329-4999-8dbb-3b3261bb100a"
          },
          "private": "eyJlMmJmYjczMC1lY2FhLTExZTYtOGY4OC0zNDM2M2JjN2M0YzAiOnsiY3JlYXRlIjoxODAwMDAwMDAwMDAwLCJkZWxldGUiOjE4MDAwMDAwMDAwMDAsInJlYWQiOjMwMDAwMDAwMDAwMCwidXBkYXRlIjoxODAwMDAwMDAwMDAwfX0="
        }
      ]
    },
    {
      "mode": "managed",
      "type": "azurerm_windows_web_app",
      "name": "cred_serv1",
      "provider": "provider[\"registry.terraform.io/hashicorp/azurerm\"]",
      "instances": [
        {
          "schema_version": 1,
          "attributes": {
            "app_settings": {
              "APPINSIGHTS_INSTRUMENTATIONKEY": "bf4e2917-adf1-4e87-aa3e-108ced5bfb8d",
              "SQLConnectionString": "@Microsoft.KeyVault(SecretUri=https://kv-eastus2-sbx-b9.vault.azure.net/secrets/sql-connection-string/8c832b558d4a428b88cf95e73de64641)"
            },
            "auth_settings": [],
            "auth_settings_v2": [],
            "backup": [],
            "client_affinity_enabled": false,
            "client_certificate_enabled": false,
            "client_certificate_exclusion_paths": "",
            "client_certificate_mode": "Required",
            "connection_string": [],
            "custom_domain_verification_id": "DC1D3D20481F485C0ED3E7A464115708A066BA9DAB3A191DDD6E68DD88DC1F7C",
            "default_hostname": "cred-serv1-eastus2-win-sbx-b9.azurewebsites.net",
            "enabled": true,
            "ftp_publish_basic_authentication_enabled": true,
            "hosting_environment_id": "",
            "https_only": false,
            "id": "/subscriptions/8b6001cd-a329-4999-8dbb-3b3261bb100a/resourceGroups/learn-7c2a4ce4-d1a5-4fda-8d17-b995fc9a963c/providers/Microsoft.Web/sites/cred-serv1-eastus2-win-sbx-b9",
            "identity": [
              {
                "identity_ids": null,
                "principal_id": "1b049b91-6581-4a3d-bbdc-d1f9c38dc2f9",
                "tenant_id": "604c1504-c6a3-4080-81aa-b33091104187",
                "type": "SystemAssigned"
              }
            ],
            "key_vault_reference_identity_id": "SystemAssigned",
            "kind": "app",
            "location": "eastus2",
            "logs": [],
            "name": "cred-serv1-eastus2-win-sbx-b9",
            "outbound_ip_address_list": [
              "20.186.164.48",
              "20.186.167.25",
              "20.186.167.83",
              "20.186.167.181",
              "20.186.167.182",
              "20.97.144.59",
              "20.119.144.13"
            ],
            "outbound_ip_addresses": "20.186.164.48,20.186.167.25,20.186.167.83,20.186.167.181,20.186.167.182,20.97.144.59,20.119.144.13",
            "possible_outbound_ip_address_list": [
              "20.186.164.48",
              "20.186.167.25",
              "20.186.167.83",
              "20.186.167.181",
              "20.186.167.182",
              "20.97.144.59",
              "135.224.240.197",
              "20.97.145.106",
              "20.97.145.220",
              "20.65.31.70",
              "20.97.146.31",
              "20.97.146.132",
              "20.97.146.207",
              "20.97.146.221",
              "20.97.147.44",
              "20.186.167.3",
              "20.97.147.56",
              "20.97.147.94",
              "20.97.147.150",
              "20.97.148.29",
              "20.97.148.83",
              "20.97.148.88",
              "20.97.148.113",
              "20.97.148.153",
              "20.97.148.204",
              "20.97.148.226",
              "20.97.148.230",
              "20.97.149.39",
              "20.97.149.42",
              "20.97.149.70",
              "20.97.149.96",
              "20.119.144.13"
            ],
            "possible_outbound_ip_addresses": "20.186.164.48,20.186.167.25,20.186.167.83,20.186.167.181,20.186.167.182,20.97.144.59,135.224.240.197,20.97.145.106,20.97.145.220,20.65.31.70,20.97.146.31,20.97.146.132,20.97.146.207,20.97.146.221,20.97.147.44,20.186.167.3,20.97.147.56,20.97.147.94,20.97.147.150,20.97.148.29,20.97.148.83,20.97.148.88,20.97.148.113,20.97.148.153,20.97.148.204,20.97.148.226,20.97.148.230,20.97.149.39,20.97.149.42,20.97.149.70,20.97.149.96,20.119.144.13",
            "public_network_access_enabled": true,
            "resource_group_name": "learn-7c2a4ce4-d1a5-4fda-8d17-b995fc9a963c",
            "service_plan_id": "/subscriptions/8b6001cd-a329-4999-8dbb-3b3261bb100a/resourceGroups/learn-7c2a4ce4-d1a5-4fda-8d17-b995fc9a963c/providers/Microsoft.Web/serverFarms/plan-eastus2-win-sbx-b9",
            "site_config": [
              {
                "always_on": true,
                "api_definition_url": "",
                "api_management_api_id": "",
                "app_command_line": "",
                "application_stack": [
                  {
                    "current_stack": "dotnet",
                    "docker_image_name": "",
                    "docker_registry_password": "",
                    "docker_registry_url": "",
                    "docker_registry_username": "",
                    "dotnet_core_version": "",
                    "dotnet_version": "v8.0",
                    "java_container": "",
                    "java_container_version": "",
                    "java_embedded_server_enabled": false,
                    "java_version": "",
                    "node_version": "",
                    "php_version": "5.6",
                    "python": false,
                    "tomcat_version": ""
                  }
                ],
                "auto_heal_setting": [],
                "container_registry_managed_identity_client_id": "",
                "container_registry_use_managed_identity": false,
                "cors": [],
                "default_documents": [
                  "Default.htm",
                  "Default.html",
                  "Default.asp",
                  "index.htm",
                  "index.html",
                  "iisstart.htm",
                  "default.aspx",
                  "index.php",
                  "hostingstart.html"
                ],
                "detailed_error_logging_enabled": false,
                "ftps_state": "Disabled",
                "handler_mapping": [],
                "health_check_eviction_time_in_min": 0,
                "health_check_path": "",
                "http2_enabled": false,
                "ip_restriction": [],
                "ip_restriction_default_action": "Allow",
                "linux_fx_version": "",
                "load_balancing_mode": "LeastRequests",
                "local_mysql_enabled": false,
                "managed_pipeline_mode": "Integrated",
                "minimum_tls_version": "1.2",
                "remote_debugging_enabled": false,
                "remote_debugging_version": "VS2022",
                "scm_ip_restriction": [],
                "scm_ip_restriction_default_action": "Allow",
                "scm_minimum_tls_version": "1.2",
                "scm_type": "None",
                "scm_use_main_ip_restriction": false,
                "use_32_bit_worker": true,
                "virtual_application": [],
                "vnet_route_all_enabled": false,
                "websockets_enabled": false,
                "windows_fx_version": "",
                "worker_count": 1
              }
            ],
            "site_credential": [
              {
                "name": "$cred-serv1-eastus2-win-sbx-b9",
                "password": "nSmkdtPdiq1YutAj9R5bGdA4FSmxGku1y7q7l9Q1FsahfcEHqjEi3uc1Z1ne"
              }
            ],
            "sticky_settings": [],
            "storage_account": [],
            "tags": null,
            "timeouts": null,
            "virtual_network_backup_restore_enabled": false,
            "virtual_network_subnet_id": "",
            "webdeploy_publish_basic_authentication_enabled": true,
            "zip_deploy_file": ""
          },
          "sensitive_attributes": [
            [
              {
                "type": "get_attr",
                "value": "app_settings"
              },
              {
                "type": "index",
                "value": {
                  "value": "APPINSIGHTS_INSTRUMENTATIONKEY",
                  "type": "string"
                }
              }
            ],
            [
              {
                "type": "get_attr",
                "value": "custom_domain_verification_id"
              }
            ],
            [
              {
                "type": "get_attr",
                "value": "site_config"
              },
              {
                "type": "index",
                "value": {
                  "value": 0,
                  "type": "number"
                }
              },
              {
                "type": "get_attr",
                "value": "application_stack"
              },
              {
                "type": "index",
                "value": {
                  "value": 0,
                  "type": "number"
                }
              },
              {
                "type": "get_attr",
                "value": "docker_registry_password"
              }
            ],
            [
              {
                "type": "get_attr",
                "value": "site_credential"
              }
            ]
          ],
          "identity_schema_version": 0,
          "private": "eyJlMmJmYjczMC1lY2FhLTExZTYtOGY4OC0zNDM2M2JjN2M0YzAiOnsiY3JlYXRlIjoxODAwMDAwMDAwMDAwLCJkZWxldGUiOjE4MDAwMDAwMDAwMDAsInJlYWQiOjMwMDAwMDAwMDAwMCwidXBkYXRlIjoxODAwMDAwMDAwMDAwfSwic2NoZW1hX3ZlcnNpb24iOiIxIn0=",
          "dependencies": [
            "azurerm_application_insights.api",
            "azurerm_key_vault.kv",
            "azurerm_key_vault_access_policy.current_user",
            "azurerm_key_vault_secret.sql_connection_string",
            "azurerm_log_analytics_workspace.logspace",
            "azurerm_mssql_database.creditcard",
            "azurerm_mssql_server.dbserv",
            "azurerm_service_plan.plan",
            "data.azurerm_client_config.current"
          ]
        }
      ]
    },
    {
      "mode": "managed",
      "type": "azurerm_windows_web_app",
      "name": "webapp",
      "provider": "provider[\"registry.terraform.io/hashicorp/azurerm\"]",
      "instances": [
        {
          "schema_version": 1,
          "attributes": {
            "app_settings": {
              "APPINSIGHTS_INSTRUMENTATIONKEY": "bf4e2917-adf1-4e87-aa3e-108ced5bfb8d",
              "CreditBureauApiConfig__BaseEndpoint": "https://cred-serv1-eastus2-win-sbx-b9.azurewebsites.net",
              "SQLConnectionString": "@Microsoft.KeyVault(SecretUri=https://kv-eastus2-sbx-b9.vault.azure.net/secrets/sql-connection-string/8c832b558d4a428b88cf95e73de64641)"
            },
            "auth_settings": [],
            "auth_settings_v2": [],
            "backup": [],
            "client_affinity_enabled": false,
            "client_certificate_enabled": false,
            "client_certificate_exclusion_paths": "",
            "client_certificate_mode": "Required",
            "connection_string": [],
            "custom_domain_verification_id": "DC1D3D20481F485C0ED3E7A464115708A066BA9DAB3A191DDD6E68DD88DC1F7C",
            "default_hostname": "app-eastus2-win-sbx-b9.azurewebsites.net",
            "enabled": true,
            "ftp_publish_basic_authentication_enabled": true,
            "hosting_environment_id": "",
            "https_only": false,
            "id": "/subscriptions/8b6001cd-a329-4999-8dbb-3b3261bb100a/resourceGroups/learn-7c2a4ce4-d1a5-4fda-8d17-b995fc9a963c/providers/Microsoft.Web/sites/app-eastus2-win-sbx-b9",
            "identity": [
              {
                "identity_ids": null,
                "principal_id": "c4680903-2747-45b8-ab5d-25b08c2196cd",
                "tenant_id": "604c1504-c6a3-4080-81aa-b33091104187",
                "type": "SystemAssigned"
              }
            ],
            "key_vault_reference_identity_id": "SystemAssigned",
            "kind": "app",
            "location": "eastus2",
            "logs": [],
            "name": "app-eastus2-win-sbx-b9",
            "outbound_ip_address_list": [
              "20.186.164.48",
              "20.186.167.25",
              "20.186.167.83",
              "20.186.167.181",
              "20.186.167.182",
              "20.97.144.59",
              "20.119.144.13"
            ],
            "outbound_ip_addresses": "20.186.164.48,20.186.167.25,20.186.167.83,20.186.167.181,20.186.167.182,20.97.144.59,20.119.144.13",
            "possible_outbound_ip_address_list": [
              "20.186.164.48",
              "20.186.167.25",
              "20.186.167.83",
              "20.186.167.181",
              "20.186.167.182",
              "20.97.144.59",
              "135.224.240.197",
              "20.97.145.106",
              "20.97.145.220",
              "20.65.31.70",
              "20.97.146.31",
              "20.97.146.132",
              "20.97.146.207",
              "20.97.146.221",
              "20.97.147.44",
              "20.186.167.3",
              "20.97.147.56",
              "20.97.147.94",
              "20.97.147.150",
              "20.97.148.29",
              "20.97.148.83",
              "20.97.148.88",
              "20.97.148.113",
              "20.97.148.153",
              "20.97.148.204",
              "20.97.148.226",
              "20.97.148.230",
              "20.97.149.39",
              "20.97.149.42",
              "20.97.149.70",
              "20.97.149.96",
              "20.119.144.13"
            ],
            "possible_outbound_ip_addresses": "20.186.164.48,20.186.167.25,20.186.167.83,20.186.167.181,20.186.167.182,20.97.144.59,135.224.240.197,20.97.145.106,20.97.145.220,20.65.31.70,20.97.146.31,20.97.146.132,20.97.146.207,20.97.146.221,20.97.147.44,20.186.167.3,20.97.147.56,20.97.147.94,20.97.147.150,20.97.148.29,20.97.148.83,20.97.148.88,20.97.148.113,20.97.148.153,20.97.148.204,20.97.148.226,20.97.148.230,20.97.149.39,20.97.149.42,20.97.149.70,20.97.149.96,20.119.144.13",
            "public_network_access_enabled": true,
            "resource_group_name": "learn-7c2a4ce4-d1a5-4fda-8d17-b995fc9a963c",
            "service_plan_id": "/subscriptions/8b6001cd-a329-4999-8dbb-3b3261bb100a/resourceGroups/learn-7c2a4ce4-d1a5-4fda-8d17-b995fc9a963c/providers/Microsoft.Web/serverFarms/plan-eastus2-win-sbx-b9",
            "site_config": [
              {
                "always_on": true,
                "api_definition_url": "",
                "api_management_api_id": "",
                "app_command_line": "",
                "application_stack": [
                  {
                    "current_stack": "dotnet",
                    "docker_image_name": "",
                    "docker_registry_password": "",
                    "docker_registry_url": "",
                    "docker_registry_username": "",
                    "dotnet_core_version": "",
                    "dotnet_version": "v8.0",
                    "java_container": "",
                    "java_container_version": "",
                    "java_embedded_server_enabled": false,
                    "java_version": "",
                    "node_version": "",
                    "php_version": "5.6",
                    "python": false,
                    "tomcat_version": ""
                  }
                ],
                "auto_heal_setting": [],
                "container_registry_managed_identity_client_id": "",
                "container_registry_use_managed_identity": false,
                "cors": [],
                "default_documents": [
                  "Default.htm",
                  "Default.html",
                  "Default.asp",
                  "index.htm",
                  "index.html",
                  "iisstart.htm",
                  "default.aspx",
                  "index.php",
                  "hostingstart.html"
                ],
                "detailed_error_logging_enabled": false,
                "ftps_state": "Disabled",
                "handler_mapping": [],
                "health_check_eviction_time_in_min": 0,
                "health_check_path": "",
                "http2_enabled": false,
                "ip_restriction": [],
                "ip_restriction_default_action": "Allow",
                "linux_fx_version": "",
                "load_balancing_mode": "LeastRequests",
                "local_mysql_enabled": false,
                "managed_pipeline_mode": "Integrated",
                "minimum_tls_version": "1.2",
                "remote_debugging_enabled": false,
                "remote_debugging_version": "VS2022",
                "scm_ip_restriction": [],
                "scm_ip_restriction_default_action": "Allow",
                "scm_minimum_tls_version": "1.2",
                "scm_type": "None",
                "scm_use_main_ip_restriction": false,
                "use_32_bit_worker": true,
                "virtual_application": [],
                "vnet_route_all_enabled": false,
                "websockets_enabled": false,
                "windows_fx_version": "",
                "worker_count": 1
              }
            ],
            "site_credential": [
              {
                "name": "$app-eastus2-win-sbx-b9",
                "password": "TRFckZlXsdfHHkh1E8XHT3X7wxl8pJl4KAFj5MG7QRTXNfGaADTG2lRlmvXw"
              }
            ],
            "sticky_settings": [],
            "storage_account": [],
            "tags": null,
            "timeouts": null,
            "virtual_network_backup_restore_enabled": false,
            "virtual_network_subnet_id": "",
            "webdeploy_publish_basic_authentication_enabled": true,
            "zip_deploy_file": ""
          },
          "sensitive_attributes": [
            [
              {
                "type": "get_attr",
                "value": "app_settings"
              },
              {
                "type": "index",
                "value": {
                  "value": "APPINSIGHTS_INSTRUMENTATIONKEY",
                  "type": "string"
                }
              }
            ],
            [
              {
                "type": "get_attr",
                "value": "custom_domain_verification_id"
              }
            ],
            [
              {
                "type": "get_attr",
                "value": "site_config"
              },
              {
                "type": "index",
                "value": {
                  "value": 0,
                  "type": "number"
                }
              },
              {
                "type": "get_attr",
                "value": "application_stack"
              },
              {
                "type": "index",
                "value": {
                  "value": 0,
                  "type": "number"
                }
              },
              {
                "type": "get_attr",
                "value": "docker_registry_password"
              }
            ],
            [
              {
                "type": "get_attr",
                "value": "site_credential"
              }
            ]
          ],
          "identity_schema_version": 0,
          "private": "eyJlMmJmYjczMC1lY2FhLTExZTYtOGY4OC0zNDM2M2JjN2M0YzAiOnsiY3JlYXRlIjoxODAwMDAwMDAwMDAwLCJkZWxldGUiOjE4MDAwMDAwMDAwMDAsInJlYWQiOjMwMDAwMDAwMDAwMCwidXBkYXRlIjoxODAwMDAwMDAwMDAwfSwic2NoZW1hX3ZlcnNpb24iOiIxIn0=",
          "dependencies": [
            "azurerm_application_insights.api",
            "azurerm_key_vault.kv",
            "azurerm_key_vault_access_policy.current_user",
            "azurerm_key_vault_secret.sql_connection_string",
            "azurerm_log_analytics_workspace.logspace",
            "azurerm_mssql_database.creditcard",
            "azurerm_mssql_server.dbserv",
            "azurerm_service_plan.plan",
            "azurerm_windows_web_app.cred_serv1",
            "data.azurerm_client_config.current"
          ]
        }
      ]
    }
  ],
  "check_results": null
}
